// !$*UTF8*$!
{
	archiveVersion = 1;
	classes = {
	};
	objectVersion = 46;
	objects = {

/* Begin PBXBuildFile section */
		D40D2E851D131EAF00AA74AF /* main.cpp in Sources */ = {isa = PBXBuildFile; fileRef = D40D2E811D131E9C00AA74AF /* main.cpp */; };
		D42DB9731E00DD3200B2AF60 /* connection_handler.cpp in Sources */ = {isa = PBXBuildFile; fileRef = D47923191DFF82E90077B91A /* connection_handler.cpp */; };
		D42DB9741E00DD3200B2AF60 /* http_parser.c in Sources */ = {isa = PBXBuildFile; fileRef = D46F22741D12188B007F8F72 /* http_parser.c */; };
		D42DB9751E00DD3200B2AF60 /* simple_buffer.c in Sources */ = {isa = PBXBuildFile; fileRef = D46F22761D12188B007F8F72 /* simple_buffer.c */; };
		D42DB9761E00DD3200B2AF60 /* client_connection.cpp in Sources */ = {isa = PBXBuildFile; fileRef = D46614B51DFCEAAA00E3FAB0 /* client_connection.cpp */; };
		D42DB9771E00DD3200B2AF60 /* client_connection_manager.cpp in Sources */ = {isa = PBXBuildFile; fileRef = D46614B71DFCEAAA00E3FAB0 /* client_connection_manager.cpp */; };
		D42DB9781E00DD3200B2AF60 /* request.cpp in Sources */ = {isa = PBXBuildFile; fileRef = D46614B91DFCEAAA00E3FAB0 /* request.cpp */; };
		D42DB9791E00DD3200B2AF60 /* buffer.cpp in Sources */ = {isa = PBXBuildFile; fileRef = D46614651DFB24B200E3FAB0 /* buffer.cpp */; };
		D42DB97A1E00DD3200B2AF60 /* marvin_error.cpp in Sources */ = {isa = PBXBuildFile; fileRef = D46614531DFA526100E3FAB0 /* marvin_error.cpp */; };
		D42DB97B1E00DD3200B2AF60 /* message.cpp in Sources */ = {isa = PBXBuildFile; fileRef = D46614621DFA5D7100E3FAB0 /* message.cpp */; };
		D42DB97C1E00DD3200B2AF60 /* message_reader.cpp in Sources */ = {isa = PBXBuildFile; fileRef = D46614681DFB24DD00E3FAB0 /* message_reader.cpp */; };
		D42DB97D1E00DD3200B2AF60 /* message_writer.cpp in Sources */ = {isa = PBXBuildFile; fileRef = D46614AE1DFCE18700E3FAB0 /* message_writer.cpp */; };
		D42DB97E1E00DD3200B2AF60 /* parser.cpp in Sources */ = {isa = PBXBuildFile; fileRef = D46F227B1D12188B007F8F72 /* parser.cpp */; };
		D42DB97F1E00DD3200B2AF60 /* rb_logger.cpp in Sources */ = {isa = PBXBuildFile; fileRef = D46614331DF8CC7C00E3FAB0 /* rb_logger.cpp */; };
		D42DB9801E00DD3200B2AF60 /* server_connection_manager.cpp in Sources */ = {isa = PBXBuildFile; fileRef = D46614851DFB2ADD00E3FAB0 /* server_connection_manager.cpp */; };
		D42DB9811E00DD3200B2AF60 /* server.cpp in Sources */ = {isa = PBXBuildFile; fileRef = D46614941DFB2ADD00E3FAB0 /* server.cpp */; };
		D42DB9841E00DD3200B2AF60 /* libboost_filesystem.a in Frameworks */ = {isa = PBXBuildFile; fileRef = D46614371DF8EA1500E3FAB0 /* libboost_filesystem.a */; };
		D42DB9851E00DD3200B2AF60 /* libboost_log.dylib in Frameworks */ = {isa = PBXBuildFile; fileRef = D448890B1DF74E57000E9F07 /* libboost_log.dylib */; };
		D42DB9861E00DD3200B2AF60 /* libboost_system.a in Frameworks */ = {isa = PBXBuildFile; fileRef = D4AF58D61DE6DD93001AC0A1 /* libboost_system.a */; };
		D42DB9901E00DD9B00B2AF60 /* main.cpp in Sources */ = {isa = PBXBuildFile; fileRef = D42DB98D1E00DD9B00B2AF60 /* main.cpp */; };
		D42DB9911E00DD9B00B2AF60 /* main.cpp in Sources */ = {isa = PBXBuildFile; fileRef = D42DB98F1E00DD9B00B2AF60 /* main.cpp */; };
		D42DB9921E00DDF000B2AF60 /* main.cpp in Sources */ = {isa = PBXBuildFile; fileRef = D42DB98F1E00DD9B00B2AF60 /* main.cpp */; };
		D42DB9951E00DEA100B2AF60 /* parser.cpp in Sources */ = {isa = PBXBuildFile; fileRef = D46F227B1D12188B007F8F72 /* parser.cpp */; };
		D42DB9961E00DEA100B2AF60 /* buffer.cpp in Sources */ = {isa = PBXBuildFile; fileRef = D46614651DFB24B200E3FAB0 /* buffer.cpp */; };
		D42DB9971E00DEA100B2AF60 /* simple_buffer.c in Sources */ = {isa = PBXBuildFile; fileRef = D46F22761D12188B007F8F72 /* simple_buffer.c */; };
		D42DB9981E00DEA100B2AF60 /* message_reader.cpp in Sources */ = {isa = PBXBuildFile; fileRef = D46614681DFB24DD00E3FAB0 /* message_reader.cpp */; };
		D42DB9991E00DEA100B2AF60 /* marvin_error.cpp in Sources */ = {isa = PBXBuildFile; fileRef = D46614531DFA526100E3FAB0 /* marvin_error.cpp */; };
		D42DB99A1E00DEA100B2AF60 /* http_parser.c in Sources */ = {isa = PBXBuildFile; fileRef = D46F22741D12188B007F8F72 /* http_parser.c */; };
		D42DB99B1E00DEA100B2AF60 /* rb_logger.cpp in Sources */ = {isa = PBXBuildFile; fileRef = D46614331DF8CC7C00E3FAB0 /* rb_logger.cpp */; };
		D42DB99C1E00DEA100B2AF60 /* message_writer.cpp in Sources */ = {isa = PBXBuildFile; fileRef = D46614AE1DFCE18700E3FAB0 /* message_writer.cpp */; };
		D42DB99D1E00DEA100B2AF60 /* message.cpp in Sources */ = {isa = PBXBuildFile; fileRef = D46614621DFA5D7100E3FAB0 /* message.cpp */; };
		D42DB99F1E00DEA100B2AF60 /* client_connection.cpp in Sources */ = {isa = PBXBuildFile; fileRef = D46614B51DFCEAAA00E3FAB0 /* client_connection.cpp */; };
		D42DB9A01E00DEA100B2AF60 /* client_connection.hpp in Sources */ = {isa = PBXBuildFile; fileRef = D46614B61DFCEAAA00E3FAB0 /* client_connection.hpp */; };
		D42DB9A11E00DEA100B2AF60 /* client_connection_manager.cpp in Sources */ = {isa = PBXBuildFile; fileRef = D46614B71DFCEAAA00E3FAB0 /* client_connection_manager.cpp */; };
		D42DB9A21E00DEA100B2AF60 /* client_connection_manager.hpp in Sources */ = {isa = PBXBuildFile; fileRef = D46614B81DFCEAAA00E3FAB0 /* client_connection_manager.hpp */; };
		D42DB9A31E00DEA100B2AF60 /* request.cpp in Sources */ = {isa = PBXBuildFile; fileRef = D46614B91DFCEAAA00E3FAB0 /* request.cpp */; };
		D42DB9A51E00DEA100B2AF60 /* libboost_filesystem.a in Frameworks */ = {isa = PBXBuildFile; fileRef = D46614371DF8EA1500E3FAB0 /* libboost_filesystem.a */; };
		D42DB9A61E00DEA100B2AF60 /* libboost_log.dylib in Frameworks */ = {isa = PBXBuildFile; fileRef = D448890B1DF74E57000E9F07 /* libboost_log.dylib */; };
		D42DB9A71E00DEA100B2AF60 /* libboost_system.a in Frameworks */ = {isa = PBXBuildFile; fileRef = D4AF58D61DE6DD93001AC0A1 /* libboost_system.a */; };
		D42DB9AD1E00DECE00B2AF60 /* main.cpp in Sources */ = {isa = PBXBuildFile; fileRef = D42DB98D1E00DD9B00B2AF60 /* main.cpp */; };
		D42DB9B01E00F65D00B2AF60 /* test_client.cpp in Sources */ = {isa = PBXBuildFile; fileRef = D42DB9AE1E00F65D00B2AF60 /* test_client.cpp */; };
		D42DB9B31E00F6DF00B2AF60 /* test_server.cpp in Sources */ = {isa = PBXBuildFile; fileRef = D42DB9B11E00F6DF00B2AF60 /* test_server.cpp */; };
		D42DB9B61E00F93000B2AF60 /* connection_handler.cpp in Sources */ = {isa = PBXBuildFile; fileRef = D47923191DFF82E90077B91A /* connection_handler.cpp */; };
		D42DB9B71E00F93000B2AF60 /* http_parser.c in Sources */ = {isa = PBXBuildFile; fileRef = D46F22741D12188B007F8F72 /* http_parser.c */; };
		D42DB9B81E00F93000B2AF60 /* simple_buffer.c in Sources */ = {isa = PBXBuildFile; fileRef = D46F22761D12188B007F8F72 /* simple_buffer.c */; };
		D42DB9B91E00F93000B2AF60 /* client_connection.cpp in Sources */ = {isa = PBXBuildFile; fileRef = D46614B51DFCEAAA00E3FAB0 /* client_connection.cpp */; };
		D42DB9BA1E00F93000B2AF60 /* client_connection_manager.cpp in Sources */ = {isa = PBXBuildFile; fileRef = D46614B71DFCEAAA00E3FAB0 /* client_connection_manager.cpp */; };
		D42DB9BB1E00F93000B2AF60 /* request.cpp in Sources */ = {isa = PBXBuildFile; fileRef = D46614B91DFCEAAA00E3FAB0 /* request.cpp */; };
		D42DB9BC1E00F93000B2AF60 /* buffer.cpp in Sources */ = {isa = PBXBuildFile; fileRef = D46614651DFB24B200E3FAB0 /* buffer.cpp */; };
		D42DB9BD1E00F93000B2AF60 /* marvin_error.cpp in Sources */ = {isa = PBXBuildFile; fileRef = D46614531DFA526100E3FAB0 /* marvin_error.cpp */; };
		D42DB9BE1E00F93000B2AF60 /* message.cpp in Sources */ = {isa = PBXBuildFile; fileRef = D46614621DFA5D7100E3FAB0 /* message.cpp */; };
		D42DB9BF1E00F93000B2AF60 /* message_reader.cpp in Sources */ = {isa = PBXBuildFile; fileRef = D46614681DFB24DD00E3FAB0 /* message_reader.cpp */; };
		D42DB9C01E00F93000B2AF60 /* message_writer.cpp in Sources */ = {isa = PBXBuildFile; fileRef = D46614AE1DFCE18700E3FAB0 /* message_writer.cpp */; };
		D42DB9C11E00F93000B2AF60 /* parser.cpp in Sources */ = {isa = PBXBuildFile; fileRef = D46F227B1D12188B007F8F72 /* parser.cpp */; };
		D42DB9C21E00F93000B2AF60 /* rb_logger.cpp in Sources */ = {isa = PBXBuildFile; fileRef = D46614331DF8CC7C00E3FAB0 /* rb_logger.cpp */; };
		D42DB9C31E00F93000B2AF60 /* server_connection_manager.cpp in Sources */ = {isa = PBXBuildFile; fileRef = D46614851DFB2ADD00E3FAB0 /* server_connection_manager.cpp */; };
		D42DB9C41E00F93000B2AF60 /* server.cpp in Sources */ = {isa = PBXBuildFile; fileRef = D46614941DFB2ADD00E3FAB0 /* server.cpp */; };
		D42DB9C51E00F93000B2AF60 /* main.cpp in Sources */ = {isa = PBXBuildFile; fileRef = D466148A1DFB2ADD00E3FAB0 /* main.cpp */; };
		D42DB9C71E00F93000B2AF60 /* libboost_filesystem.a in Frameworks */ = {isa = PBXBuildFile; fileRef = D46614371DF8EA1500E3FAB0 /* libboost_filesystem.a */; };
		D42DB9C81E00F93000B2AF60 /* libboost_log.dylib in Frameworks */ = {isa = PBXBuildFile; fileRef = D448890B1DF74E57000E9F07 /* libboost_log.dylib */; };
		D42DB9C91E00F93000B2AF60 /* libboost_system.a in Frameworks */ = {isa = PBXBuildFile; fileRef = D4AF58D61DE6DD93001AC0A1 /* libboost_system.a */; };
		D42DB9D11E00F99E00B2AF60 /* main.cpp in Sources */ = {isa = PBXBuildFile; fileRef = D42DB9D01E00F99E00B2AF60 /* main.cpp */; };
		D448890C1DF74E57000E9F07 /* libboost_log.dylib in Frameworks */ = {isa = PBXBuildFile; fileRef = D448890B1DF74E57000E9F07 /* libboost_log.dylib */; };
		D458EA331DF6413600E820A9 /* main.cpp in Sources */ = {isa = PBXBuildFile; fileRef = D458EA321DF6413600E820A9 /* main.cpp */; };
		D458EA371DF644B700E820A9 /* libboost_system.a in Frameworks */ = {isa = PBXBuildFile; fileRef = D4AF58D61DE6DD93001AC0A1 /* libboost_system.a */; };
		D46614201DF854DB00E3FAB0 /* main.cpp in Sources */ = {isa = PBXBuildFile; fileRef = D466141F1DF854DB00E3FAB0 /* main.cpp */; };
		D466142B1DF86D4D00E3FAB0 /* main.cpp in Sources */ = {isa = PBXBuildFile; fileRef = D466142A1DF86D4D00E3FAB0 /* main.cpp */; };
		D46614341DF8CC7C00E3FAB0 /* rb_logger.cpp in Sources */ = {isa = PBXBuildFile; fileRef = D46614331DF8CC7C00E3FAB0 /* rb_logger.cpp */; };
		D46614351DF8CC9600E3FAB0 /* rb_logger.cpp in Sources */ = {isa = PBXBuildFile; fileRef = D46614331DF8CC7C00E3FAB0 /* rb_logger.cpp */; };
		D46614381DF8EA1500E3FAB0 /* libboost_filesystem.a in Frameworks */ = {isa = PBXBuildFile; fileRef = D46614371DF8EA1500E3FAB0 /* libboost_filesystem.a */; };
		D46614401DF9A6C500E3FAB0 /* main.cpp in Sources */ = {isa = PBXBuildFile; fileRef = D466143F1DF9A6C500E3FAB0 /* main.cpp */; };
		D466144C1DF9B70F00E3FAB0 /* main.cpp in Sources */ = {isa = PBXBuildFile; fileRef = D466144B1DF9B70F00E3FAB0 /* main.cpp */; };
		D46614541DFA526100E3FAB0 /* marvin_error.cpp in Sources */ = {isa = PBXBuildFile; fileRef = D46614531DFA526100E3FAB0 /* marvin_error.cpp */; };
		D46614551DFA53A900E3FAB0 /* marvin_error.cpp in Sources */ = {isa = PBXBuildFile; fileRef = D46614531DFA526100E3FAB0 /* marvin_error.cpp */; };
		D46614571DFA556900E3FAB0 /* mock_read_socket.cpp in Sources */ = {isa = PBXBuildFile; fileRef = D46614561DFA556900E3FAB0 /* mock_read_socket.cpp */; };
		D46614581DFA563700E3FAB0 /* mock_read_socket.cpp in Sources */ = {isa = PBXBuildFile; fileRef = D46614561DFA556900E3FAB0 /* mock_read_socket.cpp */; };
		D466145A1DFA567000E3FAB0 /* tcase.cpp in Sources */ = {isa = PBXBuildFile; fileRef = D46614591DFA567000E3FAB0 /* tcase.cpp */; };
		D466145B1DFA57FD00E3FAB0 /* tcase.cpp in Sources */ = {isa = PBXBuildFile; fileRef = D46614591DFA567000E3FAB0 /* tcase.cpp */; };
		D46614601DFA5B6D00E3FAB0 /* repeating_timer.cpp in Sources */ = {isa = PBXBuildFile; fileRef = D466145F1DFA5B6D00E3FAB0 /* repeating_timer.cpp */; };
		D46614611DFA5C4E00E3FAB0 /* repeating_timer.cpp in Sources */ = {isa = PBXBuildFile; fileRef = D466145F1DFA5B6D00E3FAB0 /* repeating_timer.cpp */; };
		D46614631DFA5D7100E3FAB0 /* message.cpp in Sources */ = {isa = PBXBuildFile; fileRef = D46614621DFA5D7100E3FAB0 /* message.cpp */; };
		D46614641DFA5EC000E3FAB0 /* message.cpp in Sources */ = {isa = PBXBuildFile; fileRef = D46614621DFA5D7100E3FAB0 /* message.cpp */; };
		D46614671DFB24B200E3FAB0 /* buffer.cpp in Sources */ = {isa = PBXBuildFile; fileRef = D46614651DFB24B200E3FAB0 /* buffer.cpp */; };
		D466146A1DFB24DD00E3FAB0 /* message_reader.cpp in Sources */ = {isa = PBXBuildFile; fileRef = D46614681DFB24DD00E3FAB0 /* message_reader.cpp */; };
		D466146B1DFB2A0A00E3FAB0 /* message_reader.cpp in Sources */ = {isa = PBXBuildFile; fileRef = D46614681DFB24DD00E3FAB0 /* message_reader.cpp */; };
		D466146C1DFB2A1900E3FAB0 /* buffer.cpp in Sources */ = {isa = PBXBuildFile; fileRef = D46614651DFB24B200E3FAB0 /* buffer.cpp */; };
		D466147C1DFB2A5F00E3FAB0 /* libboost_filesystem.a in Frameworks */ = {isa = PBXBuildFile; fileRef = D46614371DF8EA1500E3FAB0 /* libboost_filesystem.a */; };
		D466147D1DFB2A5F00E3FAB0 /* libboost_log.dylib in Frameworks */ = {isa = PBXBuildFile; fileRef = D448890B1DF74E57000E9F07 /* libboost_log.dylib */; };
		D466147E1DFB2A5F00E3FAB0 /* libboost_system.a in Frameworks */ = {isa = PBXBuildFile; fileRef = D4AF58D61DE6DD93001AC0A1 /* libboost_system.a */; };
		D46614961DFB2ADD00E3FAB0 /* server_connection_manager.cpp in Sources */ = {isa = PBXBuildFile; fileRef = D46614851DFB2ADD00E3FAB0 /* server_connection_manager.cpp */; };
		D46614981DFB2ADD00E3FAB0 /* main.cpp in Sources */ = {isa = PBXBuildFile; fileRef = D466148A1DFB2ADD00E3FAB0 /* main.cpp */; };
		D466149D1DFB2ADD00E3FAB0 /* server.cpp in Sources */ = {isa = PBXBuildFile; fileRef = D46614941DFB2ADD00E3FAB0 /* server.cpp */; };
		D466149E1DFB2AF300E3FAB0 /* main.cpp in Sources */ = {isa = PBXBuildFile; fileRef = D466148A1DFB2ADD00E3FAB0 /* main.cpp */; };
		D46614A51DFB2C5A00E3FAB0 /* server.cpp in Sources */ = {isa = PBXBuildFile; fileRef = D46614941DFB2ADD00E3FAB0 /* server.cpp */; };
		D46614A61DFB5F0C00E3FAB0 /* server_connection_manager.cpp in Sources */ = {isa = PBXBuildFile; fileRef = D46614851DFB2ADD00E3FAB0 /* server_connection_manager.cpp */; };
		D46614B01DFCE18700E3FAB0 /* message_writer.cpp in Sources */ = {isa = PBXBuildFile; fileRef = D46614AE1DFCE18700E3FAB0 /* message_writer.cpp */; };
		D46614BC1DFCEAAA00E3FAB0 /* client_connection.cpp in Sources */ = {isa = PBXBuildFile; fileRef = D46614B51DFCEAAA00E3FAB0 /* client_connection.cpp */; };
		D46614BD1DFCEAAA00E3FAB0 /* client_connection_manager.cpp in Sources */ = {isa = PBXBuildFile; fileRef = D46614B71DFCEAAA00E3FAB0 /* client_connection_manager.cpp */; };
		D46614BE1DFCEAAA00E3FAB0 /* request.cpp in Sources */ = {isa = PBXBuildFile; fileRef = D46614B91DFCEAAA00E3FAB0 /* request.cpp */; };
		D46614C01DFCEF1A00E3FAB0 /* main.cpp in Sources */ = {isa = PBXBuildFile; fileRef = D46614BF1DFCEF1A00E3FAB0 /* main.cpp */; };
		D46614CC1DFCF46400E3FAB0 /* libboost_filesystem.a in Frameworks */ = {isa = PBXBuildFile; fileRef = D46614371DF8EA1500E3FAB0 /* libboost_filesystem.a */; };
		D46614CD1DFCF46400E3FAB0 /* libboost_log.dylib in Frameworks */ = {isa = PBXBuildFile; fileRef = D448890B1DF74E57000E9F07 /* libboost_log.dylib */; };
		D46614CE1DFCF46400E3FAB0 /* libboost_system.a in Frameworks */ = {isa = PBXBuildFile; fileRef = D4AF58D61DE6DD93001AC0A1 /* libboost_system.a */; };
		D46614D41DFCF49500E3FAB0 /* main.cpp in Sources */ = {isa = PBXBuildFile; fileRef = D46614BF1DFCEF1A00E3FAB0 /* main.cpp */; };
		D46614D51DFCF49500E3FAB0 /* client_connection.cpp in Sources */ = {isa = PBXBuildFile; fileRef = D46614B51DFCEAAA00E3FAB0 /* client_connection.cpp */; };
		D46614D61DFCF49500E3FAB0 /* client_connection.hpp in Sources */ = {isa = PBXBuildFile; fileRef = D46614B61DFCEAAA00E3FAB0 /* client_connection.hpp */; };
		D46614D71DFCF49500E3FAB0 /* client_connection_manager.cpp in Sources */ = {isa = PBXBuildFile; fileRef = D46614B71DFCEAAA00E3FAB0 /* client_connection_manager.cpp */; };
		D46614D81DFCF49500E3FAB0 /* client_connection_manager.hpp in Sources */ = {isa = PBXBuildFile; fileRef = D46614B81DFCEAAA00E3FAB0 /* client_connection_manager.hpp */; };
		D46614D91DFCF49500E3FAB0 /* request.cpp in Sources */ = {isa = PBXBuildFile; fileRef = D46614B91DFCEAAA00E3FAB0 /* request.cpp */; };
		D46614DB1DFCFD0000E3FAB0 /* message.cpp in Sources */ = {isa = PBXBuildFile; fileRef = D46614621DFA5D7100E3FAB0 /* message.cpp */; };
		D46614DC1DFCFD0700E3FAB0 /* message_writer.cpp in Sources */ = {isa = PBXBuildFile; fileRef = D46614AE1DFCE18700E3FAB0 /* message_writer.cpp */; };
		D46614DD1DFD014E00E3FAB0 /* rb_logger.cpp in Sources */ = {isa = PBXBuildFile; fileRef = D46614331DF8CC7C00E3FAB0 /* rb_logger.cpp */; };
		D46614DE1DFD0D7A00E3FAB0 /* http_parser.c in Sources */ = {isa = PBXBuildFile; fileRef = D46F22741D12188B007F8F72 /* http_parser.c */; };
		D46614DF1DFDB39700E3FAB0 /* marvin_error.cpp in Sources */ = {isa = PBXBuildFile; fileRef = D46614531DFA526100E3FAB0 /* marvin_error.cpp */; };
		D46614E01DFDBCAE00E3FAB0 /* marvin_error.cpp in Sources */ = {isa = PBXBuildFile; fileRef = D46614531DFA526100E3FAB0 /* marvin_error.cpp */; };
		D46614E11DFE2A5B00E3FAB0 /* message_reader.cpp in Sources */ = {isa = PBXBuildFile; fileRef = D46614681DFB24DD00E3FAB0 /* message_reader.cpp */; };
		D46614E21DFE2A7C00E3FAB0 /* simple_buffer.c in Sources */ = {isa = PBXBuildFile; fileRef = D46F22761D12188B007F8F72 /* simple_buffer.c */; };
		D46614E41DFE2AA700E3FAB0 /* buffer.cpp in Sources */ = {isa = PBXBuildFile; fileRef = D46614651DFB24B200E3FAB0 /* buffer.cpp */; };
		D46614E51DFE2BBB00E3FAB0 /* parser.cpp in Sources */ = {isa = PBXBuildFile; fileRef = D46F227B1D12188B007F8F72 /* parser.cpp */; };
		D46F22951D121913007F8F72 /* http_parser.c in Sources */ = {isa = PBXBuildFile; fileRef = D46F22741D12188B007F8F72 /* http_parser.c */; };
		D46F22961D121915007F8F72 /* simple_buffer.c in Sources */ = {isa = PBXBuildFile; fileRef = D46F22761D12188B007F8F72 /* simple_buffer.c */; };
		D46F229A1D121A7A007F8F72 /* parser.cpp in Sources */ = {isa = PBXBuildFile; fileRef = D46F227B1D12188B007F8F72 /* parser.cpp */; };
		D47923011DFE3EFB0077B91A /* UriCodec.cpp in Sources */ = {isa = PBXBuildFile; fileRef = D47922FF1DFE3EFB0077B91A /* UriCodec.cpp */; };
		D47923091DFF0A7C0077B91A /* main.cpp in Sources */ = {isa = PBXBuildFile; fileRef = D47923081DFF0A7C0077B91A /* main.cpp */; };
		D479230D1DFF7E0A0077B91A /* rb_logger.cpp in Sources */ = {isa = PBXBuildFile; fileRef = D46614331DF8CC7C00E3FAB0 /* rb_logger.cpp */; };
		D479230E1DFF7E1E0077B91A /* buffer.cpp in Sources */ = {isa = PBXBuildFile; fileRef = D46614651DFB24B200E3FAB0 /* buffer.cpp */; };
		D479230F1DFF7E1E0077B91A /* marvin_error.cpp in Sources */ = {isa = PBXBuildFile; fileRef = D46614531DFA526100E3FAB0 /* marvin_error.cpp */; };
		D47923101DFF7E1E0077B91A /* message.cpp in Sources */ = {isa = PBXBuildFile; fileRef = D46614621DFA5D7100E3FAB0 /* message.cpp */; };
		D47923111DFF7E1E0077B91A /* message_reader.cpp in Sources */ = {isa = PBXBuildFile; fileRef = D46614681DFB24DD00E3FAB0 /* message_reader.cpp */; };
		D47923121DFF7E1E0077B91A /* message_writer.cpp in Sources */ = {isa = PBXBuildFile; fileRef = D46614AE1DFCE18700E3FAB0 /* message_writer.cpp */; };
		D47923131DFF7E1E0077B91A /* parser.cpp in Sources */ = {isa = PBXBuildFile; fileRef = D46F227B1D12188B007F8F72 /* parser.cpp */; };
		D47923141DFF7E400077B91A /* http_parser.c in Sources */ = {isa = PBXBuildFile; fileRef = D46F22741D12188B007F8F72 /* http_parser.c */; };
		D47923151DFF7E400077B91A /* simple_buffer.c in Sources */ = {isa = PBXBuildFile; fileRef = D46F22761D12188B007F8F72 /* simple_buffer.c */; };
		D47923161DFF7E400077B91A /* client_connection.cpp in Sources */ = {isa = PBXBuildFile; fileRef = D46614B51DFCEAAA00E3FAB0 /* client_connection.cpp */; };
		D47923171DFF7E400077B91A /* client_connection_manager.cpp in Sources */ = {isa = PBXBuildFile; fileRef = D46614B71DFCEAAA00E3FAB0 /* client_connection_manager.cpp */; };
		D47923181DFF7E400077B91A /* request.cpp in Sources */ = {isa = PBXBuildFile; fileRef = D46614B91DFCEAAA00E3FAB0 /* request.cpp */; };
		D479231B1DFF82E90077B91A /* connection_handler.cpp in Sources */ = {isa = PBXBuildFile; fileRef = D47923191DFF82E90077B91A /* connection_handler.cpp */; };
		D479231C1DFF8CE30077B91A /* connection_handler.cpp in Sources */ = {isa = PBXBuildFile; fileRef = D47923191DFF82E90077B91A /* connection_handler.cpp */; };
		D4AF58D71DE6DD93001AC0A1 /* libboost_system.a in Frameworks */ = {isa = PBXBuildFile; fileRef = D4AF58D61DE6DD93001AC0A1 /* libboost_system.a */; };
		D4AF58DF1DE6F6AD001AC0A1 /* main.cpp in Sources */ = {isa = PBXBuildFile; fileRef = D4AF58DE1DE6F6AD001AC0A1 /* main.cpp */; };
		D4AF58E31DE6F737001AC0A1 /* libboost_system.a in Frameworks */ = {isa = PBXBuildFile; fileRef = D4AF58D61DE6DD93001AC0A1 /* libboost_system.a */; };
		D4AF58E41DE6F8F1001AC0A1 /* http_parser.c in Sources */ = {isa = PBXBuildFile; fileRef = D46F22741D12188B007F8F72 /* http_parser.c */; };
		D4AF58E51DE6F8F1001AC0A1 /* simple_buffer.c in Sources */ = {isa = PBXBuildFile; fileRef = D46F22761D12188B007F8F72 /* simple_buffer.c */; };
		D4AF58E71DE6F8F1001AC0A1 /* parser.cpp in Sources */ = {isa = PBXBuildFile; fileRef = D46F227B1D12188B007F8F72 /* parser.cpp */; };
/* End PBXBuildFile section */

/* Begin PBXCopyFilesBuildPhase section */
		D42DB9871E00DD3200B2AF60 /* CopyFiles */ = {
			isa = PBXCopyFilesBuildPhase;
			buildActionMask = 2147483647;
			dstPath = /usr/share/man/man1/;
			dstSubfolderSpec = 0;
			files = (
			);
			runOnlyForDeploymentPostprocessing = 1;
		};
		D42DB9A81E00DEA100B2AF60 /* CopyFiles */ = {
			isa = PBXCopyFilesBuildPhase;
			buildActionMask = 2147483647;
			dstPath = /usr/share/man/man1/;
			dstSubfolderSpec = 0;
			files = (
			);
			runOnlyForDeploymentPostprocessing = 1;
		};
		D42DB9CA1E00F93000B2AF60 /* CopyFiles */ = {
			isa = PBXCopyFilesBuildPhase;
			buildActionMask = 2147483647;
			dstPath = /usr/share/man/man1/;
			dstSubfolderSpec = 0;
			files = (
			);
			runOnlyForDeploymentPostprocessing = 1;
		};
		D458EA2E1DF6413600E820A9 /* CopyFiles */ = {
			isa = PBXCopyFilesBuildPhase;
			buildActionMask = 2147483647;
			dstPath = /usr/share/man/man1/;
			dstSubfolderSpec = 0;
			files = (
			);
			runOnlyForDeploymentPostprocessing = 1;
		};
		D466141B1DF854DB00E3FAB0 /* CopyFiles */ = {
			isa = PBXCopyFilesBuildPhase;
			buildActionMask = 2147483647;
			dstPath = /usr/share/man/man1/;
			dstSubfolderSpec = 0;
			files = (
			);
			runOnlyForDeploymentPostprocessing = 1;
		};
		D46614261DF86D4D00E3FAB0 /* CopyFiles */ = {
			isa = PBXCopyFilesBuildPhase;
			buildActionMask = 2147483647;
			dstPath = /usr/share/man/man1/;
			dstSubfolderSpec = 0;
			files = (
			);
			runOnlyForDeploymentPostprocessing = 1;
		};
		D466143B1DF9A6C500E3FAB0 /* CopyFiles */ = {
			isa = PBXCopyFilesBuildPhase;
			buildActionMask = 2147483647;
			dstPath = /usr/share/man/man1/;
			dstSubfolderSpec = 0;
			files = (
			);
			runOnlyForDeploymentPostprocessing = 1;
		};
		D46614471DF9B70F00E3FAB0 /* CopyFiles */ = {
			isa = PBXCopyFilesBuildPhase;
			buildActionMask = 2147483647;
			dstPath = /usr/share/man/man1/;
			dstSubfolderSpec = 0;
			files = (
			);
			runOnlyForDeploymentPostprocessing = 1;
		};
		D466147F1DFB2A5F00E3FAB0 /* CopyFiles */ = {
			isa = PBXCopyFilesBuildPhase;
			buildActionMask = 2147483647;
			dstPath = /usr/share/man/man1/;
			dstSubfolderSpec = 0;
			files = (
			);
			runOnlyForDeploymentPostprocessing = 1;
		};
		D46614CF1DFCF46400E3FAB0 /* CopyFiles */ = {
			isa = PBXCopyFilesBuildPhase;
			buildActionMask = 2147483647;
			dstPath = /usr/share/man/man1/;
			dstSubfolderSpec = 0;
			files = (
			);
			runOnlyForDeploymentPostprocessing = 1;
		};
		D46F228B1D1218D2007F8F72 /* CopyFiles */ = {
			isa = PBXCopyFilesBuildPhase;
			buildActionMask = 2147483647;
			dstPath = /usr/share/man/man1/;
			dstSubfolderSpec = 0;
			files = (
			);
			runOnlyForDeploymentPostprocessing = 1;
		};
		D47923041DFF0A7C0077B91A /* CopyFiles */ = {
			isa = PBXCopyFilesBuildPhase;
			buildActionMask = 2147483647;
			dstPath = /usr/share/man/man1/;
			dstSubfolderSpec = 0;
			files = (
			);
			runOnlyForDeploymentPostprocessing = 1;
		};
		D4AF58DA1DE6F6AD001AC0A1 /* CopyFiles */ = {
			isa = PBXCopyFilesBuildPhase;
			buildActionMask = 2147483647;
			dstPath = /usr/share/man/man1/;
			dstSubfolderSpec = 0;
			files = (
			);
			runOnlyForDeploymentPostprocessing = 1;
		};
/* End PBXCopyFilesBuildPhase section */

/* Begin PBXFileReference section */
		D40D2E811D131E9C00AA74AF /* main.cpp */ = {isa = PBXFileReference; fileEncoding = 4; lastKnownFileType = sourcecode.cpp.cpp; name = main.cpp; path = test/main.cpp; sourceTree = SOURCE_ROOT; };
		D40D2E821D131E9C00AA74AF /* test_set_1.cpp */ = {isa = PBXFileReference; fileEncoding = 4; lastKnownFileType = sourcecode.cpp.cpp; name = test_set_1.cpp; path = test/test_set_1.cpp; sourceTree = SOURCE_ROOT; };
		D42DB98B1E00DD3200B2AF60 /* server_alone */ = {isa = PBXFileReference; explicitFileType = "compiled.mach-o.executable"; includeInIndex = 0; path = server_alone; sourceTree = BUILT_PRODUCTS_DIR; };
		D42DB98D1E00DD9B00B2AF60 /* main.cpp */ = {isa = PBXFileReference; fileEncoding = 4; lastKnownFileType = sourcecode.cpp.cpp; path = main.cpp; sourceTree = "<group>"; };
		D42DB98F1E00DD9B00B2AF60 /* main.cpp */ = {isa = PBXFileReference; fileEncoding = 4; lastKnownFileType = sourcecode.cpp.cpp; path = main.cpp; sourceTree = "<group>"; };
		D42DB9AC1E00DEA100B2AF60 /* client_alone */ = {isa = PBXFileReference; explicitFileType = "compiled.mach-o.executable"; includeInIndex = 0; path = client_alone; sourceTree = BUILT_PRODUCTS_DIR; };
		D42DB9AE1E00F65D00B2AF60 /* test_client.cpp */ = {isa = PBXFileReference; fileEncoding = 4; lastKnownFileType = sourcecode.cpp.cpp; path = test_client.cpp; sourceTree = "<group>"; };
		D42DB9AF1E00F65D00B2AF60 /* test_client.hpp */ = {isa = PBXFileReference; fileEncoding = 4; lastKnownFileType = sourcecode.cpp.h; path = test_client.hpp; sourceTree = "<group>"; };
		D42DB9B11E00F6DF00B2AF60 /* test_server.cpp */ = {isa = PBXFileReference; fileEncoding = 4; lastKnownFileType = sourcecode.cpp.cpp; path = test_server.cpp; sourceTree = "<group>"; };
		D42DB9B21E00F6DF00B2AF60 /* test_server.hpp */ = {isa = PBXFileReference; fileEncoding = 4; lastKnownFileType = sourcecode.cpp.h; path = test_server.hpp; sourceTree = "<group>"; };
		D42DB9CE1E00F93000B2AF60 /* test_server_client */ = {isa = PBXFileReference; explicitFileType = "compiled.mach-o.executable"; includeInIndex = 0; path = test_server_client; sourceTree = BUILT_PRODUCTS_DIR; };
		D42DB9D01E00F99E00B2AF60 /* main.cpp */ = {isa = PBXFileReference; fileEncoding = 4; lastKnownFileType = sourcecode.cpp.cpp; path = main.cpp; sourceTree = "<group>"; };
		D44889071DF74D36000E9F07 /* libboost_log.a */ = {isa = PBXFileReference; lastKnownFileType = archive.ar; name = libboost_log.a; path = deps/lib/libboost_log.a; sourceTree = "<group>"; };
		D44889091DF74D86000E9F07 /* libboost_log_setup.a */ = {isa = PBXFileReference; lastKnownFileType = archive.ar; name = libboost_log_setup.a; path = deps/lib/libboost_log_setup.a; sourceTree = "<group>"; };
		D448890B1DF74E57000E9F07 /* libboost_log.dylib */ = {isa = PBXFileReference; lastKnownFileType = "compiled.mach-o.dylib"; name = libboost_log.dylib; path = deps/lib/libboost_log.dylib; sourceTree = "<group>"; };
		D458EA301DF6413600E820A9 /* error_test */ = {isa = PBXFileReference; explicitFileType = "compiled.mach-o.executable"; includeInIndex = 0; path = error_test; sourceTree = BUILT_PRODUCTS_DIR; };
		D458EA321DF6413600E820A9 /* main.cpp */ = {isa = PBXFileReference; lastKnownFileType = sourcecode.cpp.cpp; path = main.cpp; sourceTree = "<group>"; };
		D466141D1DF854DB00E3FAB0 /* nullstream */ = {isa = PBXFileReference; explicitFileType = "compiled.mach-o.executable"; includeInIndex = 0; path = nullstream; sourceTree = BUILT_PRODUCTS_DIR; };
		D466141F1DF854DB00E3FAB0 /* main.cpp */ = {isa = PBXFileReference; lastKnownFileType = sourcecode.cpp.cpp; path = main.cpp; sourceTree = "<group>"; };
		D46614281DF86D4D00E3FAB0 /* logger */ = {isa = PBXFileReference; explicitFileType = "compiled.mach-o.executable"; includeInIndex = 0; path = logger; sourceTree = BUILT_PRODUCTS_DIR; };
		D466142A1DF86D4D00E3FAB0 /* main.cpp */ = {isa = PBXFileReference; lastKnownFileType = sourcecode.cpp.cpp; path = main.cpp; sourceTree = "<group>"; };
		D466142F1DF86D9C00E3FAB0 /* log.h */ = {isa = PBXFileReference; fileEncoding = 4; lastKnownFileType = sourcecode.c.h; path = log.h; sourceTree = "<group>"; };
		D46614301DF86D9C00E3FAB0 /* logger.hpp */ = {isa = PBXFileReference; fileEncoding = 4; lastKnownFileType = sourcecode.cpp.h; path = logger.hpp; sourceTree = "<group>"; };
		D46614321DF8C46D00E3FAB0 /* rb_logger.hpp */ = {isa = PBXFileReference; fileEncoding = 4; lastKnownFileType = sourcecode.cpp.h; path = rb_logger.hpp; sourceTree = "<group>"; };
		D46614331DF8CC7C00E3FAB0 /* rb_logger.cpp */ = {isa = PBXFileReference; fileEncoding = 4; lastKnownFileType = sourcecode.cpp.cpp; path = rb_logger.cpp; sourceTree = "<group>"; };
		D46614361DF8D18A00E3FAB0 /* marvin_error.hpp */ = {isa = PBXFileReference; fileEncoding = 4; lastKnownFileType = sourcecode.cpp.h; path = marvin_error.hpp; sourceTree = "<group>"; };
		D46614371DF8EA1500E3FAB0 /* libboost_filesystem.a */ = {isa = PBXFileReference; lastKnownFileType = archive.ar; name = libboost_filesystem.a; path = deps/lib/libboost_filesystem.a; sourceTree = "<group>"; };
		D466143D1DF9A6C500E3FAB0 /* streamtest */ = {isa = PBXFileReference; explicitFileType = "compiled.mach-o.executable"; includeInIndex = 0; path = streamtest; sourceTree = BUILT_PRODUCTS_DIR; };
		D466143F1DF9A6C500E3FAB0 /* main.cpp */ = {isa = PBXFileReference; lastKnownFileType = sourcecode.cpp.cpp; path = main.cpp; sourceTree = "<group>"; };
		D46614441DF9A8FE00E3FAB0 /* mock_read_socket.hpp */ = {isa = PBXFileReference; fileEncoding = 4; lastKnownFileType = sourcecode.cpp.h; path = mock_read_socket.hpp; sourceTree = "<group>"; };
		D46614491DF9B70F00E3FAB0 /* testcase */ = {isa = PBXFileReference; explicitFileType = "compiled.mach-o.executable"; includeInIndex = 0; path = testcase; sourceTree = BUILT_PRODUCTS_DIR; };
		D466144B1DF9B70F00E3FAB0 /* main.cpp */ = {isa = PBXFileReference; lastKnownFileType = sourcecode.cpp.cpp; path = main.cpp; sourceTree = "<group>"; };
		D46614531DFA526100E3FAB0 /* marvin_error.cpp */ = {isa = PBXFileReference; fileEncoding = 4; lastKnownFileType = sourcecode.cpp.cpp; path = marvin_error.cpp; sourceTree = "<group>"; };
		D46614561DFA556900E3FAB0 /* mock_read_socket.cpp */ = {isa = PBXFileReference; fileEncoding = 4; lastKnownFileType = sourcecode.cpp.cpp; path = mock_read_socket.cpp; sourceTree = "<group>"; };
		D46614591DFA567000E3FAB0 /* tcase.cpp */ = {isa = PBXFileReference; fileEncoding = 4; lastKnownFileType = sourcecode.cpp.cpp; path = tcase.cpp; sourceTree = "<group>"; };
		D466145F1DFA5B6D00E3FAB0 /* repeating_timer.cpp */ = {isa = PBXFileReference; fileEncoding = 4; lastKnownFileType = sourcecode.cpp.cpp; path = repeating_timer.cpp; sourceTree = "<group>"; };
		D46614621DFA5D7100E3FAB0 /* message.cpp */ = {isa = PBXFileReference; fileEncoding = 4; lastKnownFileType = sourcecode.cpp.cpp; path = message.cpp; sourceTree = "<group>"; };
		D46614651DFB24B200E3FAB0 /* buffer.cpp */ = {isa = PBXFileReference; fileEncoding = 4; lastKnownFileType = sourcecode.cpp.cpp; path = buffer.cpp; sourceTree = "<group>"; };
		D46614661DFB24B200E3FAB0 /* buffer.hpp */ = {isa = PBXFileReference; fileEncoding = 4; lastKnownFileType = sourcecode.cpp.h; path = buffer.hpp; sourceTree = "<group>"; };
		D46614681DFB24DD00E3FAB0 /* message_reader.cpp */ = {isa = PBXFileReference; fileEncoding = 4; lastKnownFileType = sourcecode.cpp.cpp; path = message_reader.cpp; sourceTree = "<group>"; };
		D46614691DFB24DD00E3FAB0 /* message_reader.hpp */ = {isa = PBXFileReference; fileEncoding = 4; lastKnownFileType = sourcecode.cpp.h; path = message_reader.hpp; sourceTree = "<group>"; };
		D46614831DFB2A5F00E3FAB0 /* server_test */ = {isa = PBXFileReference; explicitFileType = "compiled.mach-o.executable"; includeInIndex = 0; path = server_test; sourceTree = BUILT_PRODUCTS_DIR; };
		D46614851DFB2ADD00E3FAB0 /* server_connection_manager.cpp */ = {isa = PBXFileReference; fileEncoding = 4; lastKnownFileType = sourcecode.cpp.cpp; name = server_connection_manager.cpp; path = server_test/server_connection_manager.cpp; sourceTree = "<group>"; };
		D46614861DFB2ADD00E3FAB0 /* server_connection_manager.hpp */ = {isa = PBXFileReference; fileEncoding = 4; lastKnownFileType = sourcecode.cpp.h; name = server_connection_manager.hpp; path = server_test/server_connection_manager.hpp; sourceTree = "<group>"; };
		D466148A1DFB2ADD00E3FAB0 /* main.cpp */ = {isa = PBXFileReference; fileEncoding = 4; lastKnownFileType = sourcecode.cpp.cpp; name = main.cpp; path = server_test/main.cpp; sourceTree = "<group>"; };
		D46614941DFB2ADD00E3FAB0 /* server.cpp */ = {isa = PBXFileReference; fileEncoding = 4; lastKnownFileType = sourcecode.cpp.cpp; name = server.cpp; path = server_test/server.cpp; sourceTree = "<group>"; };
		D46614951DFB2ADD00E3FAB0 /* server.hpp */ = {isa = PBXFileReference; fileEncoding = 4; lastKnownFileType = sourcecode.cpp.h; name = server.hpp; path = server_test/server.hpp; sourceTree = "<group>"; };
		D46614AC1DFB645100E3FAB0 /* handler_interface.hpp */ = {isa = PBXFileReference; fileEncoding = 4; lastKnownFileType = sourcecode.cpp.h; name = handler_interface.hpp; path = server_test/handler_interface.hpp; sourceTree = "<group>"; };
		D46614AD1DFCDDBF00E3FAB0 /* read_socket_interface.hpp */ = {isa = PBXFileReference; lastKnownFileType = sourcecode.cpp.h; path = read_socket_interface.hpp; sourceTree = "<group>"; };
		D46614AE1DFCE18700E3FAB0 /* message_writer.cpp */ = {isa = PBXFileReference; fileEncoding = 4; lastKnownFileType = sourcecode.cpp.cpp; path = message_writer.cpp; sourceTree = "<group>"; };
		D46614AF1DFCE18700E3FAB0 /* message_writer.hpp */ = {isa = PBXFileReference; fileEncoding = 4; lastKnownFileType = sourcecode.cpp.h; path = message_writer.hpp; sourceTree = "<group>"; };
		D46614B11DFCE2E700E3FAB0 /* callback_typedefs.hpp */ = {isa = PBXFileReference; lastKnownFileType = sourcecode.cpp.h; path = callback_typedefs.hpp; sourceTree = "<group>"; };
		D46614B51DFCEAAA00E3FAB0 /* client_connection.cpp */ = {isa = PBXFileReference; fileEncoding = 4; lastKnownFileType = sourcecode.cpp.cpp; path = client_connection.cpp; sourceTree = "<group>"; };
		D46614B61DFCEAAA00E3FAB0 /* client_connection.hpp */ = {isa = PBXFileReference; fileEncoding = 4; lastKnownFileType = sourcecode.cpp.h; path = client_connection.hpp; sourceTree = "<group>"; };
		D46614B71DFCEAAA00E3FAB0 /* client_connection_manager.cpp */ = {isa = PBXFileReference; fileEncoding = 4; lastKnownFileType = sourcecode.cpp.cpp; path = client_connection_manager.cpp; sourceTree = "<group>"; };
		D46614B81DFCEAAA00E3FAB0 /* client_connection_manager.hpp */ = {isa = PBXFileReference; fileEncoding = 4; lastKnownFileType = sourcecode.cpp.h; path = client_connection_manager.hpp; sourceTree = "<group>"; };
		D46614B91DFCEAAA00E3FAB0 /* request.cpp */ = {isa = PBXFileReference; fileEncoding = 4; lastKnownFileType = sourcecode.cpp.cpp; path = request.cpp; sourceTree = "<group>"; };
		D46614BA1DFCEAAA00E3FAB0 /* request.hpp */ = {isa = PBXFileReference; fileEncoding = 4; lastKnownFileType = sourcecode.cpp.h; path = request.hpp; sourceTree = "<group>"; };
		D46614BF1DFCEF1A00E3FAB0 /* main.cpp */ = {isa = PBXFileReference; fileEncoding = 4; lastKnownFileType = sourcecode.cpp.cpp; path = main.cpp; sourceTree = "<group>"; };
		D46614D31DFCF46400E3FAB0 /* client_test */ = {isa = PBXFileReference; explicitFileType = "compiled.mach-o.executable"; includeInIndex = 0; path = client_test; sourceTree = BUILT_PRODUCTS_DIR; };
		D46F22731D12188B007F8F72 /* catch.hpp */ = {isa = PBXFileReference; fileEncoding = 4; lastKnownFileType = sourcecode.cpp.h; path = catch.hpp; sourceTree = "<group>"; };
		D46F22741D12188B007F8F72 /* http_parser.c */ = {isa = PBXFileReference; fileEncoding = 4; lastKnownFileType = sourcecode.c.c; path = http_parser.c; sourceTree = "<group>"; };
		D46F22751D12188B007F8F72 /* http_parser.h */ = {isa = PBXFileReference; fileEncoding = 4; lastKnownFileType = sourcecode.c.h; path = http_parser.h; sourceTree = "<group>"; };
		D46F22761D12188B007F8F72 /* simple_buffer.c */ = {isa = PBXFileReference; fileEncoding = 4; lastKnownFileType = sourcecode.c.c; path = simple_buffer.c; sourceTree = "<group>"; };
		D46F22771D12188B007F8F72 /* simple_buffer.h */ = {isa = PBXFileReference; fileEncoding = 4; lastKnownFileType = sourcecode.c.h; path = simple_buffer.h; sourceTree = "<group>"; };
		D46F227B1D12188B007F8F72 /* parser.cpp */ = {isa = PBXFileReference; fileEncoding = 4; lastKnownFileType = sourcecode.cpp.cpp; path = parser.cpp; sourceTree = "<group>"; };
		D46F227C1D12188B007F8F72 /* parser.hpp */ = {isa = PBXFileReference; fileEncoding = 4; lastKnownFileType = sourcecode.cpp.h; path = parser.hpp; sourceTree = "<group>"; };
		D46F228D1D1218D2007F8F72 /* unit-test */ = {isa = PBXFileReference; explicitFileType = "compiled.mach-o.executable"; includeInIndex = 0; path = "unit-test"; sourceTree = BUILT_PRODUCTS_DIR; };
		D47922FF1DFE3EFB0077B91A /* UriCodec.cpp */ = {isa = PBXFileReference; fileEncoding = 4; lastKnownFileType = sourcecode.cpp.cpp; path = UriCodec.cpp; sourceTree = "<group>"; };
		D47923001DFE3EFB0077B91A /* UriParser.hpp */ = {isa = PBXFileReference; fileEncoding = 4; lastKnownFileType = sourcecode.cpp.h; path = UriParser.hpp; sourceTree = "<group>"; };
		D47923061DFF0A7C0077B91A /* smart_ptr */ = {isa = PBXFileReference; explicitFileType = "compiled.mach-o.executable"; includeInIndex = 0; path = smart_ptr; sourceTree = BUILT_PRODUCTS_DIR; };
		D47923081DFF0A7C0077B91A /* main.cpp */ = {isa = PBXFileReference; lastKnownFileType = sourcecode.cpp.cpp; path = main.cpp; sourceTree = "<group>"; };
		D47923191DFF82E90077B91A /* connection_handler.cpp */ = {isa = PBXFileReference; fileEncoding = 4; lastKnownFileType = sourcecode.cpp.cpp; name = connection_handler.cpp; path = server_test/connection_handler.cpp; sourceTree = "<group>"; };
		D479231A1DFF82E90077B91A /* connection_handler.hpp */ = {isa = PBXFileReference; fileEncoding = 4; lastKnownFileType = sourcecode.cpp.h; name = connection_handler.hpp; path = server_test/connection_handler.hpp; sourceTree = "<group>"; };
		D4AF58D61DE6DD93001AC0A1 /* libboost_system.a */ = {isa = PBXFileReference; lastKnownFileType = archive.ar; name = libboost_system.a; path = deps/lib/libboost_system.a; sourceTree = "<group>"; };
		D4AF58DC1DE6F6AD001AC0A1 /* reader_test */ = {isa = PBXFileReference; explicitFileType = "compiled.mach-o.executable"; includeInIndex = 0; path = reader_test; sourceTree = BUILT_PRODUCTS_DIR; };
		D4AF58DE1DE6F6AD001AC0A1 /* main.cpp */ = {isa = PBXFileReference; lastKnownFileType = sourcecode.cpp.cpp; path = main.cpp; sourceTree = "<group>"; };
		D4BEE9F71DE7BA6E00F61432 /* repeating_timer.hpp */ = {isa = PBXFileReference; fileEncoding = 4; lastKnownFileType = sourcecode.cpp.h; path = repeating_timer.hpp; sourceTree = "<group>"; };
		D4BEE9F91DE7BB7500F61432 /* tcase.hpp */ = {isa = PBXFileReference; fileEncoding = 4; lastKnownFileType = sourcecode.cpp.h; path = tcase.hpp; sourceTree = "<group>"; };
		D4BEE9FB1DE7BC5300F61432 /* error.hpp */ = {isa = PBXFileReference; fileEncoding = 4; lastKnownFileType = sourcecode.cpp.h; path = error.hpp; sourceTree = "<group>"; };
		D4BEEA011DE82FC800F61432 /* message.hpp */ = {isa = PBXFileReference; fileEncoding = 4; lastKnownFileType = sourcecode.cpp.h; path = message.hpp; sourceTree = "<group>"; };
/* End PBXFileReference section */

/* Begin PBXFrameworksBuildPhase section */
		D42DB9831E00DD3200B2AF60 /* Frameworks */ = {
			isa = PBXFrameworksBuildPhase;
			buildActionMask = 2147483647;
			files = (
				D42DB9841E00DD3200B2AF60 /* libboost_filesystem.a in Frameworks */,
				D42DB9851E00DD3200B2AF60 /* libboost_log.dylib in Frameworks */,
				D42DB9861E00DD3200B2AF60 /* libboost_system.a in Frameworks */,
			);
			runOnlyForDeploymentPostprocessing = 0;
		};
		D42DB9A41E00DEA100B2AF60 /* Frameworks */ = {
			isa = PBXFrameworksBuildPhase;
			buildActionMask = 2147483647;
			files = (
				D42DB9A51E00DEA100B2AF60 /* libboost_filesystem.a in Frameworks */,
				D42DB9A61E00DEA100B2AF60 /* libboost_log.dylib in Frameworks */,
				D42DB9A71E00DEA100B2AF60 /* libboost_system.a in Frameworks */,
			);
			runOnlyForDeploymentPostprocessing = 0;
		};
		D42DB9C61E00F93000B2AF60 /* Frameworks */ = {
			isa = PBXFrameworksBuildPhase;
			buildActionMask = 2147483647;
			files = (
				D42DB9C71E00F93000B2AF60 /* libboost_filesystem.a in Frameworks */,
				D42DB9C81E00F93000B2AF60 /* libboost_log.dylib in Frameworks */,
				D42DB9C91E00F93000B2AF60 /* libboost_system.a in Frameworks */,
			);
			runOnlyForDeploymentPostprocessing = 0;
		};
		D458EA2D1DF6413600E820A9 /* Frameworks */ = {
			isa = PBXFrameworksBuildPhase;
			buildActionMask = 2147483647;
			files = (
				D458EA371DF644B700E820A9 /* libboost_system.a in Frameworks */,
			);
			runOnlyForDeploymentPostprocessing = 0;
		};
		D466141A1DF854DB00E3FAB0 /* Frameworks */ = {
			isa = PBXFrameworksBuildPhase;
			buildActionMask = 2147483647;
			files = (
			);
			runOnlyForDeploymentPostprocessing = 0;
		};
		D46614251DF86D4D00E3FAB0 /* Frameworks */ = {
			isa = PBXFrameworksBuildPhase;
			buildActionMask = 2147483647;
			files = (
			);
			runOnlyForDeploymentPostprocessing = 0;
		};
		D466143A1DF9A6C500E3FAB0 /* Frameworks */ = {
			isa = PBXFrameworksBuildPhase;
			buildActionMask = 2147483647;
			files = (
			);
			runOnlyForDeploymentPostprocessing = 0;
		};
		D46614461DF9B70F00E3FAB0 /* Frameworks */ = {
			isa = PBXFrameworksBuildPhase;
			buildActionMask = 2147483647;
			files = (
			);
			runOnlyForDeploymentPostprocessing = 0;
		};
		D466147B1DFB2A5F00E3FAB0 /* Frameworks */ = {
			isa = PBXFrameworksBuildPhase;
			buildActionMask = 2147483647;
			files = (
				D466147C1DFB2A5F00E3FAB0 /* libboost_filesystem.a in Frameworks */,
				D466147D1DFB2A5F00E3FAB0 /* libboost_log.dylib in Frameworks */,
				D466147E1DFB2A5F00E3FAB0 /* libboost_system.a in Frameworks */,
			);
			runOnlyForDeploymentPostprocessing = 0;
		};
		D46614CB1DFCF46400E3FAB0 /* Frameworks */ = {
			isa = PBXFrameworksBuildPhase;
			buildActionMask = 2147483647;
			files = (
				D46614CC1DFCF46400E3FAB0 /* libboost_filesystem.a in Frameworks */,
				D46614CD1DFCF46400E3FAB0 /* libboost_log.dylib in Frameworks */,
				D46614CE1DFCF46400E3FAB0 /* libboost_system.a in Frameworks */,
			);
			runOnlyForDeploymentPostprocessing = 0;
		};
		D46F228A1D1218D2007F8F72 /* Frameworks */ = {
			isa = PBXFrameworksBuildPhase;
			buildActionMask = 2147483647;
			files = (
				D4AF58D71DE6DD93001AC0A1 /* libboost_system.a in Frameworks */,
			);
			runOnlyForDeploymentPostprocessing = 0;
		};
		D47923031DFF0A7C0077B91A /* Frameworks */ = {
			isa = PBXFrameworksBuildPhase;
			buildActionMask = 2147483647;
			files = (
			);
			runOnlyForDeploymentPostprocessing = 0;
		};
		D4AF58D91DE6F6AD001AC0A1 /* Frameworks */ = {
			isa = PBXFrameworksBuildPhase;
			buildActionMask = 2147483647;
			files = (
				D46614381DF8EA1500E3FAB0 /* libboost_filesystem.a in Frameworks */,
				D448890C1DF74E57000E9F07 /* libboost_log.dylib in Frameworks */,
				D4AF58E31DE6F737001AC0A1 /* libboost_system.a in Frameworks */,
			);
			runOnlyForDeploymentPostprocessing = 0;
		};
/* End PBXFrameworksBuildPhase section */

/* Begin PBXGroup section */
		D42DB98C1E00DD9B00B2AF60 /* client_alone */ = {
			isa = PBXGroup;
			children = (
				D42DB98D1E00DD9B00B2AF60 /* main.cpp */,
				D42DB9AE1E00F65D00B2AF60 /* test_client.cpp */,
				D42DB9AF1E00F65D00B2AF60 /* test_client.hpp */,
			);
			path = client_alone;
			sourceTree = "<group>";
		};
		D42DB98E1E00DD9B00B2AF60 /* server_alone */ = {
			isa = PBXGroup;
			children = (
				D42DB98F1E00DD9B00B2AF60 /* main.cpp */,
				D42DB9B11E00F6DF00B2AF60 /* test_server.cpp */,
				D42DB9B21E00F6DF00B2AF60 /* test_server.hpp */,
			);
			path = server_alone;
			sourceTree = "<group>";
		};
		D42DB9CF1E00F99E00B2AF60 /* test_server_client */ = {
			isa = PBXGroup;
			children = (
				D42DB9D01E00F99E00B2AF60 /* main.cpp */,
			);
			path = test_server_client;
			sourceTree = "<group>";
		};
		D458EA311DF6413600E820A9 /* error_test */ = {
			isa = PBXGroup;
			children = (
				D458EA321DF6413600E820A9 /* main.cpp */,
			);
			path = error_test;
			sourceTree = "<group>";
		};
		D466141E1DF854DB00E3FAB0 /* nullstream */ = {
			isa = PBXGroup;
			children = (
				D466141F1DF854DB00E3FAB0 /* main.cpp */,
			);
			path = nullstream;
			sourceTree = "<group>";
		};
		D46614291DF86D4D00E3FAB0 /* logger */ = {
			isa = PBXGroup;
			children = (
				D466142A1DF86D4D00E3FAB0 /* main.cpp */,
				D466142F1DF86D9C00E3FAB0 /* log.h */,
				D46614301DF86D9C00E3FAB0 /* logger.hpp */,
			);
			path = logger;
			sourceTree = "<group>";
		};
		D466143E1DF9A6C500E3FAB0 /* streamtest */ = {
			isa = PBXGroup;
			children = (
				D466143F1DF9A6C500E3FAB0 /* main.cpp */,
			);
			path = streamtest;
			sourceTree = "<group>";
		};
		D466144A1DF9B70F00E3FAB0 /* testcase */ = {
			isa = PBXGroup;
			children = (
				D466144B1DF9B70F00E3FAB0 /* main.cpp */,
			);
			path = testcase;
			sourceTree = "<group>";
		};
		D46614841DFB2A7D00E3FAB0 /* server_test */ = {
			isa = PBXGroup;
			children = (
				D466148A1DFB2ADD00E3FAB0 /* main.cpp */,
				D46614951DFB2ADD00E3FAB0 /* server.hpp */,
				D46614941DFB2ADD00E3FAB0 /* server.cpp */,
				D479231A1DFF82E90077B91A /* connection_handler.hpp */,
				D47923191DFF82E90077B91A /* connection_handler.cpp */,
				D46614861DFB2ADD00E3FAB0 /* server_connection_manager.hpp */,
				D46614851DFB2ADD00E3FAB0 /* server_connection_manager.cpp */,
				D46614AC1DFB645100E3FAB0 /* handler_interface.hpp */,
			);
			name = server_test;
			sourceTree = "<group>";
		};
		D46614B21DFCEAAA00E3FAB0 /* client_test */ = {
			isa = PBXGroup;
			children = (
				D46614BF1DFCEF1A00E3FAB0 /* main.cpp */,
				D46614B61DFCEAAA00E3FAB0 /* client_connection.hpp */,
				D46614B51DFCEAAA00E3FAB0 /* client_connection.cpp */,
				D46614B81DFCEAAA00E3FAB0 /* client_connection_manager.hpp */,
				D46614B71DFCEAAA00E3FAB0 /* client_connection_manager.cpp */,
				D46614B91DFCEAAA00E3FAB0 /* request.cpp */,
				D46614BA1DFCEAAA00E3FAB0 /* request.hpp */,
			);
			path = client_test;
			sourceTree = "<group>";
		};
		D46F22721D12188B007F8F72 /* external_src */ = {
			isa = PBXGroup;
			children = (
				D47922FE1DFE3EFB0077B91A /* uri */,
				D46F22731D12188B007F8F72 /* catch.hpp */,
				D46F22751D12188B007F8F72 /* http_parser.h */,
				D46F22741D12188B007F8F72 /* http_parser.c */,
				D46614321DF8C46D00E3FAB0 /* rb_logger.hpp */,
				D46614331DF8CC7C00E3FAB0 /* rb_logger.cpp */,
				D46F22771D12188B007F8F72 /* simple_buffer.h */,
				D46F22761D12188B007F8F72 /* simple_buffer.c */,
			);
			path = external_src;
			sourceTree = "<group>";
		};
		D46F22781D12188B007F8F72 /* src */ = {
			isa = PBXGroup;
			children = (
				D46614661DFB24B200E3FAB0 /* buffer.hpp */,
				D46614651DFB24B200E3FAB0 /* buffer.cpp */,
				D46614B11DFCE2E700E3FAB0 /* callback_typedefs.hpp */,
				D46614361DF8D18A00E3FAB0 /* marvin_error.hpp */,
				D46614531DFA526100E3FAB0 /* marvin_error.cpp */,
				D4BEEA011DE82FC800F61432 /* message.hpp */,
				D46614621DFA5D7100E3FAB0 /* message.cpp */,
				D46614691DFB24DD00E3FAB0 /* message_reader.hpp */,
				D46614681DFB24DD00E3FAB0 /* message_reader.cpp */,
				D46614AF1DFCE18700E3FAB0 /* message_writer.hpp */,
				D46614AE1DFCE18700E3FAB0 /* message_writer.cpp */,
				D46F227B1D12188B007F8F72 /* parser.cpp */,
				D46F227C1D12188B007F8F72 /* parser.hpp */,
				D46614AD1DFCDDBF00E3FAB0 /* read_socket_interface.hpp */,
			);
			path = src;
			sourceTree = "<group>";
		};
		D46F228E1D1218D2007F8F72 /* unit-test */ = {
			isa = PBXGroup;
			children = (
				D40D2E811D131E9C00AA74AF /* main.cpp */,
				D40D2E821D131E9C00AA74AF /* test_set_1.cpp */,
			);
			path = "unit-test";
			sourceTree = "<group>";
		};
		D47922FE1DFE3EFB0077B91A /* uri */ = {
			isa = PBXGroup;
			children = (
				D47922FF1DFE3EFB0077B91A /* UriCodec.cpp */,
				D47923001DFE3EFB0077B91A /* UriParser.hpp */,
			);
			path = uri;
			sourceTree = "<group>";
		};
		D47923071DFF0A7C0077B91A /* smart_ptr */ = {
			isa = PBXGroup;
			children = (
				D47923081DFF0A7C0077B91A /* main.cpp */,
			);
			path = smart_ptr;
			sourceTree = "<group>";
		};
		D4AF58DD1DE6F6AD001AC0A1 /* reader-test */ = {
			isa = PBXGroup;
			children = (
				D4AF58DE1DE6F6AD001AC0A1 /* main.cpp */,
				D4BEE9FB1DE7BC5300F61432 /* error.hpp */,
				D4BEE9F71DE7BA6E00F61432 /* repeating_timer.hpp */,
				D466145F1DFA5B6D00E3FAB0 /* repeating_timer.cpp */,
				D46614441DF9A8FE00E3FAB0 /* mock_read_socket.hpp */,
				D46614561DFA556900E3FAB0 /* mock_read_socket.cpp */,
				D4BEE9F91DE7BB7500F61432 /* tcase.hpp */,
				D46614591DFA567000E3FAB0 /* tcase.cpp */,
			);
			name = "reader-test";
			path = reader_test;
			sourceTree = "<group>";
		};
		D4EA1EEC1D1217E600D1EABC = {
			isa = PBXGroup;
			children = (
				D46614371DF8EA1500E3FAB0 /* libboost_filesystem.a */,
				D448890B1DF74E57000E9F07 /* libboost_log.dylib */,
				D44889091DF74D86000E9F07 /* libboost_log_setup.a */,
				D44889071DF74D36000E9F07 /* libboost_log.a */,
				D4AF58D61DE6DD93001AC0A1 /* libboost_system.a */,
				D42DB9CF1E00F99E00B2AF60 /* test_server_client */,
				D42DB98C1E00DD9B00B2AF60 /* client_alone */,
				D42DB98E1E00DD9B00B2AF60 /* server_alone */,
				D46F22721D12188B007F8F72 /* external_src */,
				D46F22781D12188B007F8F72 /* src */,
				D46614B21DFCEAAA00E3FAB0 /* client_test */,
				D46614841DFB2A7D00E3FAB0 /* server_test */,
				D46F228E1D1218D2007F8F72 /* unit-test */,
				D4AF58DD1DE6F6AD001AC0A1 /* reader-test */,
				D458EA311DF6413600E820A9 /* error_test */,
				D466141E1DF854DB00E3FAB0 /* nullstream */,
				D46614291DF86D4D00E3FAB0 /* logger */,
				D466143E1DF9A6C500E3FAB0 /* streamtest */,
				D466144A1DF9B70F00E3FAB0 /* testcase */,
				D47923071DFF0A7C0077B91A /* smart_ptr */,
				D4EA1EF61D1217E600D1EABC /* Products */,
			);
			sourceTree = "<group>";
		};
		D4EA1EF61D1217E600D1EABC /* Products */ = {
			isa = PBXGroup;
			children = (
				D46F228D1D1218D2007F8F72 /* unit-test */,
				D4AF58DC1DE6F6AD001AC0A1 /* reader_test */,
				D458EA301DF6413600E820A9 /* error_test */,
				D466141D1DF854DB00E3FAB0 /* nullstream */,
				D46614281DF86D4D00E3FAB0 /* logger */,
				D466143D1DF9A6C500E3FAB0 /* streamtest */,
				D46614491DF9B70F00E3FAB0 /* testcase */,
				D46614831DFB2A5F00E3FAB0 /* server_test */,
				D46614D31DFCF46400E3FAB0 /* client_test */,
				D47923061DFF0A7C0077B91A /* smart_ptr */,
				D42DB98B1E00DD3200B2AF60 /* server_alone */,
				D42DB9AC1E00DEA100B2AF60 /* client_alone */,
				D42DB9CE1E00F93000B2AF60 /* test_server_client */,
			);
			name = Products;
			sourceTree = "<group>";
		};
/* End PBXGroup section */

/* Begin PBXNativeTarget section */
		D42DB9711E00DD3200B2AF60 /* server_alone */ = {
			isa = PBXNativeTarget;
			buildConfigurationList = D42DB9881E00DD3200B2AF60 /* Build configuration list for PBXNativeTarget "server_alone" */;
			buildPhases = (
				D42DB9721E00DD3200B2AF60 /* Sources */,
				D42DB9831E00DD3200B2AF60 /* Frameworks */,
				D42DB9871E00DD3200B2AF60 /* CopyFiles */,
			);
			buildRules = (
			);
			dependencies = (
			);
			name = server_alone;
			productName = main1;
			productReference = D42DB98B1E00DD3200B2AF60 /* server_alone */;
			productType = "com.apple.product-type.tool";
		};
		D42DB9931E00DEA100B2AF60 /* client_alone */ = {
			isa = PBXNativeTarget;
			buildConfigurationList = D42DB9A91E00DEA100B2AF60 /* Build configuration list for PBXNativeTarget "client_alone" */;
			buildPhases = (
				D42DB9941E00DEA100B2AF60 /* Sources */,
				D42DB9A41E00DEA100B2AF60 /* Frameworks */,
				D42DB9A81E00DEA100B2AF60 /* CopyFiles */,
			);
			buildRules = (
			);
			dependencies = (
			);
			name = client_alone;
			productName = main1;
			productReference = D42DB9AC1E00DEA100B2AF60 /* client_alone */;
			productType = "com.apple.product-type.tool";
		};
		D42DB9B41E00F93000B2AF60 /* test_server_client */ = {
			isa = PBXNativeTarget;
			buildConfigurationList = D42DB9CB1E00F93000B2AF60 /* Build configuration list for PBXNativeTarget "test_server_client" */;
			buildPhases = (
				D42DB9B51E00F93000B2AF60 /* Sources */,
				D42DB9C61E00F93000B2AF60 /* Frameworks */,
				D42DB9CA1E00F93000B2AF60 /* CopyFiles */,
			);
			buildRules = (
			);
			dependencies = (
			);
			name = test_server_client;
			productName = main1;
			productReference = D42DB9CE1E00F93000B2AF60 /* test_server_client */;
			productType = "com.apple.product-type.tool";
		};
		D458EA2F1DF6413600E820A9 /* error_test */ = {
			isa = PBXNativeTarget;
			buildConfigurationList = D458EA341DF6413600E820A9 /* Build configuration list for PBXNativeTarget "error_test" */;
			buildPhases = (
				D458EA2C1DF6413600E820A9 /* Sources */,
				D458EA2D1DF6413600E820A9 /* Frameworks */,
				D458EA2E1DF6413600E820A9 /* CopyFiles */,
			);
			buildRules = (
			);
			dependencies = (
			);
			name = error_test;
			productName = error_test;
			productReference = D458EA301DF6413600E820A9 /* error_test */;
			productType = "com.apple.product-type.tool";
		};
		D466141C1DF854DB00E3FAB0 /* nullstream */ = {
			isa = PBXNativeTarget;
			buildConfigurationList = D46614231DF854DB00E3FAB0 /* Build configuration list for PBXNativeTarget "nullstream" */;
			buildPhases = (
				D46614191DF854DB00E3FAB0 /* Sources */,
				D466141A1DF854DB00E3FAB0 /* Frameworks */,
				D466141B1DF854DB00E3FAB0 /* CopyFiles */,
			);
			buildRules = (
			);
			dependencies = (
			);
			name = nullstream;
			productName = nullstream;
			productReference = D466141D1DF854DB00E3FAB0 /* nullstream */;
			productType = "com.apple.product-type.tool";
		};
		D46614271DF86D4D00E3FAB0 /* logger */ = {
			isa = PBXNativeTarget;
			buildConfigurationList = D466142C1DF86D4D00E3FAB0 /* Build configuration list for PBXNativeTarget "logger" */;
			buildPhases = (
				D46614241DF86D4D00E3FAB0 /* Sources */,
				D46614251DF86D4D00E3FAB0 /* Frameworks */,
				D46614261DF86D4D00E3FAB0 /* CopyFiles */,
			);
			buildRules = (
			);
			dependencies = (
			);
			name = logger;
			productName = logger;
			productReference = D46614281DF86D4D00E3FAB0 /* logger */;
			productType = "com.apple.product-type.tool";
		};
		D466143C1DF9A6C500E3FAB0 /* streamtest */ = {
			isa = PBXNativeTarget;
			buildConfigurationList = D46614411DF9A6C500E3FAB0 /* Build configuration list for PBXNativeTarget "streamtest" */;
			buildPhases = (
				D46614391DF9A6C500E3FAB0 /* Sources */,
				D466143A1DF9A6C500E3FAB0 /* Frameworks */,
				D466143B1DF9A6C500E3FAB0 /* CopyFiles */,
			);
			buildRules = (
			);
			dependencies = (
			);
			name = streamtest;
			productName = streamtest;
			productReference = D466143D1DF9A6C500E3FAB0 /* streamtest */;
			productType = "com.apple.product-type.tool";
		};
		D46614481DF9B70F00E3FAB0 /* testcase */ = {
			isa = PBXNativeTarget;
			buildConfigurationList = D466144D1DF9B70F00E3FAB0 /* Build configuration list for PBXNativeTarget "testcase" */;
			buildPhases = (
				D46614451DF9B70F00E3FAB0 /* Sources */,
				D46614461DF9B70F00E3FAB0 /* Frameworks */,
				D46614471DF9B70F00E3FAB0 /* CopyFiles */,
			);
			buildRules = (
			);
			dependencies = (
			);
			name = testcase;
			productName = testcase;
			productReference = D46614491DF9B70F00E3FAB0 /* testcase */;
			productType = "com.apple.product-type.tool";
		};
		D466146D1DFB2A5F00E3FAB0 /* server_test */ = {
			isa = PBXNativeTarget;
			buildConfigurationList = D46614801DFB2A5F00E3FAB0 /* Build configuration list for PBXNativeTarget "server_test" */;
			buildPhases = (
				D466146E1DFB2A5F00E3FAB0 /* Sources */,
				D466147B1DFB2A5F00E3FAB0 /* Frameworks */,
				D466147F1DFB2A5F00E3FAB0 /* CopyFiles */,
			);
			buildRules = (
			);
			dependencies = (
			);
			name = server_test;
			productName = main1;
			productReference = D46614831DFB2A5F00E3FAB0 /* server_test */;
			productType = "com.apple.product-type.tool";
		};
		D46614C11DFCF46400E3FAB0 /* client_test */ = {
			isa = PBXNativeTarget;
			buildConfigurationList = D46614D01DFCF46400E3FAB0 /* Build configuration list for PBXNativeTarget "client_test" */;
			buildPhases = (
				D46614C21DFCF46400E3FAB0 /* Sources */,
				D46614CB1DFCF46400E3FAB0 /* Frameworks */,
				D46614CF1DFCF46400E3FAB0 /* CopyFiles */,
			);
			buildRules = (
			);
			dependencies = (
			);
			name = client_test;
			productName = main1;
			productReference = D46614D31DFCF46400E3FAB0 /* client_test */;
			productType = "com.apple.product-type.tool";
		};
		D46F228C1D1218D2007F8F72 /* unit-test */ = {
			isa = PBXNativeTarget;
			buildConfigurationList = D46F22911D1218D2007F8F72 /* Build configuration list for PBXNativeTarget "unit-test" */;
			buildPhases = (
				D46F22891D1218D2007F8F72 /* Sources */,
				D46F228A1D1218D2007F8F72 /* Frameworks */,
				D46F228B1D1218D2007F8F72 /* CopyFiles */,
			);
			buildRules = (
			);
			dependencies = (
			);
			name = "unit-test";
			productName = "unit-test";
			productReference = D46F228D1D1218D2007F8F72 /* unit-test */;
			productType = "com.apple.product-type.tool";
		};
		D47923051DFF0A7C0077B91A /* smart_ptr */ = {
			isa = PBXNativeTarget;
			buildConfigurationList = D479230A1DFF0A7C0077B91A /* Build configuration list for PBXNativeTarget "smart_ptr" */;
			buildPhases = (
				D47923021DFF0A7C0077B91A /* Sources */,
				D47923031DFF0A7C0077B91A /* Frameworks */,
				D47923041DFF0A7C0077B91A /* CopyFiles */,
			);
			buildRules = (
			);
			dependencies = (
			);
			name = smart_ptr;
			productName = smart_ptr;
			productReference = D47923061DFF0A7C0077B91A /* smart_ptr */;
			productType = "com.apple.product-type.tool";
		};
		D4AF58DB1DE6F6AD001AC0A1 /* reader_test */ = {
			isa = PBXNativeTarget;
			buildConfigurationList = D4AF58E01DE6F6AD001AC0A1 /* Build configuration list for PBXNativeTarget "reader_test" */;
			buildPhases = (
				D4AF58D81DE6F6AD001AC0A1 /* Sources */,
				D4AF58D91DE6F6AD001AC0A1 /* Frameworks */,
				D4AF58DA1DE6F6AD001AC0A1 /* CopyFiles */,
			);
			buildRules = (
			);
			dependencies = (
			);
			name = reader_test;
			productName = main1;
			productReference = D4AF58DC1DE6F6AD001AC0A1 /* reader_test */;
			productType = "com.apple.product-type.tool";
		};
/* End PBXNativeTarget section */

/* Begin PBXProject section */
		D4EA1EED1D1217E600D1EABC /* Project object */ = {
			isa = PBXProject;
			attributes = {
				LastUpgradeCheck = 0730;
				ORGANIZATIONNAME = Blackwellapps;
				TargetAttributes = {
					D458EA2F1DF6413600E820A9 = {
						CreatedOnToolsVersion = 7.3.1;
					};
					D466141C1DF854DB00E3FAB0 = {
						CreatedOnToolsVersion = 7.3.1;
					};
					D46614271DF86D4D00E3FAB0 = {
						CreatedOnToolsVersion = 7.3.1;
					};
					D466143C1DF9A6C500E3FAB0 = {
						CreatedOnToolsVersion = 7.3.1;
					};
					D46614481DF9B70F00E3FAB0 = {
						CreatedOnToolsVersion = 7.3.1;
					};
					D46F228C1D1218D2007F8F72 = {
						CreatedOnToolsVersion = 7.3.1;
					};
					D47923051DFF0A7C0077B91A = {
						CreatedOnToolsVersion = 7.3.1;
					};
					D4AF58DB1DE6F6AD001AC0A1 = {
						CreatedOnToolsVersion = 7.3.1;
					};
				};
			};
			buildConfigurationList = D4EA1EF01D1217E600D1EABC /* Build configuration list for PBXProject "MarvinCpp" */;
			compatibilityVersion = "Xcode 3.2";
			developmentRegion = English;
			hasScannedForEncodings = 0;
			knownRegions = (
				en,
			);
			mainGroup = D4EA1EEC1D1217E600D1EABC;
			productRefGroup = D4EA1EF61D1217E600D1EABC /* Products */;
			projectDirPath = "";
			projectRoot = "";
			targets = (
				D46F228C1D1218D2007F8F72 /* unit-test */,
				D4AF58DB1DE6F6AD001AC0A1 /* reader_test */,
				D458EA2F1DF6413600E820A9 /* error_test */,
				D466141C1DF854DB00E3FAB0 /* nullstream */,
				D46614271DF86D4D00E3FAB0 /* logger */,
				D466143C1DF9A6C500E3FAB0 /* streamtest */,
				D46614481DF9B70F00E3FAB0 /* testcase */,
				D466146D1DFB2A5F00E3FAB0 /* server_test */,
				D46614C11DFCF46400E3FAB0 /* client_test */,
				D47923051DFF0A7C0077B91A /* smart_ptr */,
				D42DB9711E00DD3200B2AF60 /* server_alone */,
				D42DB9931E00DEA100B2AF60 /* client_alone */,
				D42DB9B41E00F93000B2AF60 /* test_server_client */,
			);
		};
/* End PBXProject section */

/* Begin PBXSourcesBuildPhase section */
		D42DB9721E00DD3200B2AF60 /* Sources */ = {
			isa = PBXSourcesBuildPhase;
			buildActionMask = 2147483647;
			files = (
				D42DB9921E00DDF000B2AF60 /* main.cpp in Sources */,
				D42DB9731E00DD3200B2AF60 /* connection_handler.cpp in Sources */,
				D42DB9D11E00F99E00B2AF60 /* main.cpp in Sources */,
				D42DB9741E00DD3200B2AF60 /* http_parser.c in Sources */,
				D42DB9751E00DD3200B2AF60 /* simple_buffer.c in Sources */,
				D42DB9761E00DD3200B2AF60 /* client_connection.cpp in Sources */,
				D42DB9771E00DD3200B2AF60 /* client_connection_manager.cpp in Sources */,
				D42DB9781E00DD3200B2AF60 /* request.cpp in Sources */,
				D42DB9B31E00F6DF00B2AF60 /* test_server.cpp in Sources */,
				D42DB9791E00DD3200B2AF60 /* buffer.cpp in Sources */,
				D42DB97A1E00DD3200B2AF60 /* marvin_error.cpp in Sources */,
				D42DB97B1E00DD3200B2AF60 /* message.cpp in Sources */,
				D42DB97C1E00DD3200B2AF60 /* message_reader.cpp in Sources */,
				D42DB97D1E00DD3200B2AF60 /* message_writer.cpp in Sources */,
				D42DB97E1E00DD3200B2AF60 /* parser.cpp in Sources */,
				D42DB97F1E00DD3200B2AF60 /* rb_logger.cpp in Sources */,
				D42DB9801E00DD3200B2AF60 /* server_connection_manager.cpp in Sources */,
				D42DB9811E00DD3200B2AF60 /* server.cpp in Sources */,
			);
			runOnlyForDeploymentPostprocessing = 0;
		};
		D42DB9941E00DEA100B2AF60 /* Sources */ = {
			isa = PBXSourcesBuildPhase;
			buildActionMask = 2147483647;
			files = (
				D42DB9AD1E00DECE00B2AF60 /* main.cpp in Sources */,
				D42DB9951E00DEA100B2AF60 /* parser.cpp in Sources */,
				D42DB9961E00DEA100B2AF60 /* buffer.cpp in Sources */,
				D42DB9971E00DEA100B2AF60 /* simple_buffer.c in Sources */,
				D42DB9981E00DEA100B2AF60 /* message_reader.cpp in Sources */,
				D42DB9991E00DEA100B2AF60 /* marvin_error.cpp in Sources */,
				D42DB99A1E00DEA100B2AF60 /* http_parser.c in Sources */,
				D42DB99B1E00DEA100B2AF60 /* rb_logger.cpp in Sources */,
				D42DB99C1E00DEA100B2AF60 /* message_writer.cpp in Sources */,
				D42DB99D1E00DEA100B2AF60 /* message.cpp in Sources */,
				D42DB99F1E00DEA100B2AF60 /* client_connection.cpp in Sources */,
				D42DB9A01E00DEA100B2AF60 /* client_connection.hpp in Sources */,
				D42DB9B01E00F65D00B2AF60 /* test_client.cpp in Sources */,
				D42DB9A11E00DEA100B2AF60 /* client_connection_manager.cpp in Sources */,
				D42DB9A21E00DEA100B2AF60 /* client_connection_manager.hpp in Sources */,
				D42DB9A31E00DEA100B2AF60 /* request.cpp in Sources */,
			);
			runOnlyForDeploymentPostprocessing = 0;
		};
		D42DB9B51E00F93000B2AF60 /* Sources */ = {
			isa = PBXSourcesBuildPhase;
			buildActionMask = 2147483647;
			files = (
				D42DB9B61E00F93000B2AF60 /* connection_handler.cpp in Sources */,
				D42DB9B71E00F93000B2AF60 /* http_parser.c in Sources */,
				D42DB9B81E00F93000B2AF60 /* simple_buffer.c in Sources */,
				D42DB9B91E00F93000B2AF60 /* client_connection.cpp in Sources */,
				D42DB9BA1E00F93000B2AF60 /* client_connection_manager.cpp in Sources */,
				D42DB9BB1E00F93000B2AF60 /* request.cpp in Sources */,
				D42DB9BC1E00F93000B2AF60 /* buffer.cpp in Sources */,
				D42DB9BD1E00F93000B2AF60 /* marvin_error.cpp in Sources */,
				D42DB9BE1E00F93000B2AF60 /* message.cpp in Sources */,
				D42DB9BF1E00F93000B2AF60 /* message_reader.cpp in Sources */,
				D42DB9C01E00F93000B2AF60 /* message_writer.cpp in Sources */,
				D42DB9C11E00F93000B2AF60 /* parser.cpp in Sources */,
				D42DB9C21E00F93000B2AF60 /* rb_logger.cpp in Sources */,
				D42DB9C31E00F93000B2AF60 /* server_connection_manager.cpp in Sources */,
				D42DB9C41E00F93000B2AF60 /* server.cpp in Sources */,
				D42DB9C51E00F93000B2AF60 /* main.cpp in Sources */,
			);
			runOnlyForDeploymentPostprocessing = 0;
		};
		D458EA2C1DF6413600E820A9 /* Sources */ = {
			isa = PBXSourcesBuildPhase;
			buildActionMask = 2147483647;
			files = (
				D46614E01DFDBCAE00E3FAB0 /* marvin_error.cpp in Sources */,
				D458EA331DF6413600E820A9 /* main.cpp in Sources */,
			);
			runOnlyForDeploymentPostprocessing = 0;
		};
		D46614191DF854DB00E3FAB0 /* Sources */ = {
			isa = PBXSourcesBuildPhase;
			buildActionMask = 2147483647;
			files = (
				D46614201DF854DB00E3FAB0 /* main.cpp in Sources */,
			);
			runOnlyForDeploymentPostprocessing = 0;
		};
		D46614241DF86D4D00E3FAB0 /* Sources */ = {
			isa = PBXSourcesBuildPhase;
			buildActionMask = 2147483647;
			files = (
				D46614671DFB24B200E3FAB0 /* buffer.cpp in Sources */,
				D466142B1DF86D4D00E3FAB0 /* main.cpp in Sources */,
				D466145A1DFA567000E3FAB0 /* tcase.cpp in Sources */,
				D466146A1DFB24DD00E3FAB0 /* message_reader.cpp in Sources */,
				D46614601DFA5B6D00E3FAB0 /* repeating_timer.cpp in Sources */,
				D46614571DFA556900E3FAB0 /* mock_read_socket.cpp in Sources */,
				D46614341DF8CC7C00E3FAB0 /* rb_logger.cpp in Sources */,
				D46614541DFA526100E3FAB0 /* marvin_error.cpp in Sources */,
				D46614631DFA5D7100E3FAB0 /* message.cpp in Sources */,
			);
			runOnlyForDeploymentPostprocessing = 0;
		};
		D46614391DF9A6C500E3FAB0 /* Sources */ = {
			isa = PBXSourcesBuildPhase;
			buildActionMask = 2147483647;
			files = (
				D46614401DF9A6C500E3FAB0 /* main.cpp in Sources */,
			);
			runOnlyForDeploymentPostprocessing = 0;
		};
		D46614451DF9B70F00E3FAB0 /* Sources */ = {
			isa = PBXSourcesBuildPhase;
			buildActionMask = 2147483647;
			files = (
				D466144C1DF9B70F00E3FAB0 /* main.cpp in Sources */,
			);
			runOnlyForDeploymentPostprocessing = 0;
		};
		D466146E1DFB2A5F00E3FAB0 /* Sources */ = {
			isa = PBXSourcesBuildPhase;
			buildActionMask = 2147483647;
			files = (
				D479231C1DFF8CE30077B91A /* connection_handler.cpp in Sources */,
				D47923141DFF7E400077B91A /* http_parser.c in Sources */,
				D47923151DFF7E400077B91A /* simple_buffer.c in Sources */,
				D47923161DFF7E400077B91A /* client_connection.cpp in Sources */,
				D47923171DFF7E400077B91A /* client_connection_manager.cpp in Sources */,
				D47923181DFF7E400077B91A /* request.cpp in Sources */,
				D479230E1DFF7E1E0077B91A /* buffer.cpp in Sources */,
				D479230F1DFF7E1E0077B91A /* marvin_error.cpp in Sources */,
				D47923101DFF7E1E0077B91A /* message.cpp in Sources */,
				D47923111DFF7E1E0077B91A /* message_reader.cpp in Sources */,
				D47923121DFF7E1E0077B91A /* message_writer.cpp in Sources */,
				D47923131DFF7E1E0077B91A /* parser.cpp in Sources */,
				D479230D1DFF7E0A0077B91A /* rb_logger.cpp in Sources */,
				D46614A61DFB5F0C00E3FAB0 /* server_connection_manager.cpp in Sources */,
				D46614A51DFB2C5A00E3FAB0 /* server.cpp in Sources */,
				D466149E1DFB2AF300E3FAB0 /* main.cpp in Sources */,
			);
			runOnlyForDeploymentPostprocessing = 0;
		};
		D46614C21DFCF46400E3FAB0 /* Sources */ = {
			isa = PBXSourcesBuildPhase;
			buildActionMask = 2147483647;
			files = (
				D46614E51DFE2BBB00E3FAB0 /* parser.cpp in Sources */,
				D46614E41DFE2AA700E3FAB0 /* buffer.cpp in Sources */,
				D46614E21DFE2A7C00E3FAB0 /* simple_buffer.c in Sources */,
				D46614E11DFE2A5B00E3FAB0 /* message_reader.cpp in Sources */,
				D46614DF1DFDB39700E3FAB0 /* marvin_error.cpp in Sources */,
				D46614DE1DFD0D7A00E3FAB0 /* http_parser.c in Sources */,
				D46614DD1DFD014E00E3FAB0 /* rb_logger.cpp in Sources */,
				D46614DC1DFCFD0700E3FAB0 /* message_writer.cpp in Sources */,
				D46614DB1DFCFD0000E3FAB0 /* message.cpp in Sources */,
				D46614D41DFCF49500E3FAB0 /* main.cpp in Sources */,
				D46614D51DFCF49500E3FAB0 /* client_connection.cpp in Sources */,
				D46614D61DFCF49500E3FAB0 /* client_connection.hpp in Sources */,
				D46614D71DFCF49500E3FAB0 /* client_connection_manager.cpp in Sources */,
				D46614D81DFCF49500E3FAB0 /* client_connection_manager.hpp in Sources */,
				D46614D91DFCF49500E3FAB0 /* request.cpp in Sources */,
			);
			runOnlyForDeploymentPostprocessing = 0;
		};
		D46F22891D1218D2007F8F72 /* Sources */ = {
			isa = PBXSourcesBuildPhase;
			buildActionMask = 2147483647;
			files = (
				D46F22951D121913007F8F72 /* http_parser.c in Sources */,
				D46614BD1DFCEAAA00E3FAB0 /* client_connection_manager.cpp in Sources */,
				D479231B1DFF82E90077B91A /* connection_handler.cpp in Sources */,
				D46614C01DFCEF1A00E3FAB0 /* main.cpp in Sources */,
				D46F22961D121915007F8F72 /* simple_buffer.c in Sources */,
				D46F229A1D121A7A007F8F72 /* parser.cpp in Sources */,
				D46614BE1DFCEAAA00E3FAB0 /* request.cpp in Sources */,
				D46614BC1DFCEAAA00E3FAB0 /* client_connection.cpp in Sources */,
				D42DB9901E00DD9B00B2AF60 /* main.cpp in Sources */,
				D466149D1DFB2ADD00E3FAB0 /* server.cpp in Sources */,
				D47923011DFE3EFB0077B91A /* UriCodec.cpp in Sources */,
				D40D2E851D131EAF00AA74AF /* main.cpp in Sources */,
				D46614981DFB2ADD00E3FAB0 /* main.cpp in Sources */,
				D46614961DFB2ADD00E3FAB0 /* server_connection_manager.cpp in Sources */,
				D42DB9911E00DD9B00B2AF60 /* main.cpp in Sources */,
				D46614B01DFCE18700E3FAB0 /* message_writer.cpp in Sources */,
			);
			runOnlyForDeploymentPostprocessing = 0;
		};
		D47923021DFF0A7C0077B91A /* Sources */ = {
			isa = PBXSourcesBuildPhase;
			buildActionMask = 2147483647;
			files = (
				D47923091DFF0A7C0077B91A /* main.cpp in Sources */,
			);
			runOnlyForDeploymentPostprocessing = 0;
		};
		D4AF58D81DE6F6AD001AC0A1 /* Sources */ = {
			isa = PBXSourcesBuildPhase;
			buildActionMask = 2147483647;
			files = (
				D466146C1DFB2A1900E3FAB0 /* buffer.cpp in Sources */,
				D466146B1DFB2A0A00E3FAB0 /* message_reader.cpp in Sources */,
				D46614641DFA5EC000E3FAB0 /* message.cpp in Sources */,
				D46614611DFA5C4E00E3FAB0 /* repeating_timer.cpp in Sources */,
				D466145B1DFA57FD00E3FAB0 /* tcase.cpp in Sources */,
				D46614581DFA563700E3FAB0 /* mock_read_socket.cpp in Sources */,
				D46614551DFA53A900E3FAB0 /* marvin_error.cpp in Sources */,
				D46614351DF8CC9600E3FAB0 /* rb_logger.cpp in Sources */,
				D4AF58E41DE6F8F1001AC0A1 /* http_parser.c in Sources */,
				D4AF58E51DE6F8F1001AC0A1 /* simple_buffer.c in Sources */,
				D4AF58E71DE6F8F1001AC0A1 /* parser.cpp in Sources */,
				D4AF58DF1DE6F6AD001AC0A1 /* main.cpp in Sources */,
			);
			runOnlyForDeploymentPostprocessing = 0;
		};
/* End PBXSourcesBuildPhase section */

/* Begin XCBuildConfiguration section */
		D42DB9891E00DD3200B2AF60 /* Debug */ = {
			isa = XCBuildConfiguration;
			buildSettings = {
				"HEADER_SEARCH_PATHS[arch=*]" = "$(PROJECT_DIR)/deps/include";
				LIBRARY_SEARCH_PATHS = (
					"$(inherited)",
					"$(PROJECT_DIR)/deps/lib",
				);
				"LIBRARY_SEARCH_PATHS[arch=*]" = "$(PROJECT_DIR)/deps/lib";
				PRODUCT_NAME = "$(TARGET_NAME)";
			};
			name = Debug;
		};
		D42DB98A1E00DD3200B2AF60 /* Release */ = {
			isa = XCBuildConfiguration;
			buildSettings = {
				LIBRARY_SEARCH_PATHS = (
					"$(inherited)",
					"$(PROJECT_DIR)/deps/lib",
				);
				PRODUCT_NAME = "$(TARGET_NAME)";
			};
			name = Release;
		};
		D42DB9AA1E00DEA100B2AF60 /* Debug */ = {
			isa = XCBuildConfiguration;
			buildSettings = {
				"HEADER_SEARCH_PATHS[arch=*]" = "$(PROJECT_DIR)/deps/include";
				LIBRARY_SEARCH_PATHS = (
					"$(inherited)",
					"$(PROJECT_DIR)/deps/lib",
				);
				"LIBRARY_SEARCH_PATHS[arch=*]" = "$(PROJECT_DIR)/deps/lib";
				PRODUCT_NAME = "$(TARGET_NAME)";
				"USER_HEADER_SEARCH_PATHS[arch=*]" = "$(SRCROOT)";
			};
			name = Debug;
		};
		D42DB9AB1E00DEA100B2AF60 /* Release */ = {
			isa = XCBuildConfiguration;
			buildSettings = {
				LIBRARY_SEARCH_PATHS = (
					"$(inherited)",
					"$(PROJECT_DIR)/deps/lib",
				);
				PRODUCT_NAME = "$(TARGET_NAME)";
			};
			name = Release;
		};
		D42DB9CC1E00F93000B2AF60 /* Debug */ = {
			isa = XCBuildConfiguration;
			buildSettings = {
				"HEADER_SEARCH_PATHS[arch=*]" = "$(PROJECT_DIR)/deps/include";
				LIBRARY_SEARCH_PATHS = (
					"$(inherited)",
					"$(PROJECT_DIR)/deps/lib",
				);
				"LIBRARY_SEARCH_PATHS[arch=*]" = "$(PROJECT_DIR)/deps/lib";
				PRODUCT_NAME = "$(TARGET_NAME)";
			};
			name = Debug;
		};
		D42DB9CD1E00F93000B2AF60 /* Release */ = {
			isa = XCBuildConfiguration;
			buildSettings = {
				LIBRARY_SEARCH_PATHS = (
					"$(inherited)",
					"$(PROJECT_DIR)/deps/lib",
				);
				PRODUCT_NAME = "$(TARGET_NAME)";
			};
			name = Release;
		};
		D458EA351DF6413600E820A9 /* Debug */ = {
			isa = XCBuildConfiguration;
			buildSettings = {
				"HEADER_SEARCH_PATHS[arch=*]" = "$(PROJECT_DIR)/deps/include";
				LIBRARY_SEARCH_PATHS = (
					"$(inherited)",
					"$(PROJECT_DIR)/deps/lib",
				);
				"LIBRARY_SEARCH_PATHS[arch=*]" = "$(PROJECT_DIR)/deps/lib";
				PRODUCT_NAME = "$(TARGET_NAME)";
			};
			name = Debug;
		};
		D458EA361DF6413600E820A9 /* Release */ = {
			isa = XCBuildConfiguration;
			buildSettings = {
				LIBRARY_SEARCH_PATHS = (
					"$(inherited)",
					"$(PROJECT_DIR)/deps/lib",
				);
				PRODUCT_NAME = "$(TARGET_NAME)";
			};
			name = Release;
		};
		D46614211DF854DB00E3FAB0 /* Debug */ = {
			isa = XCBuildConfiguration;
			buildSettings = {
				PRODUCT_NAME = "$(TARGET_NAME)";
			};
			name = Debug;
		};
		D46614221DF854DB00E3FAB0 /* Release */ = {
			isa = XCBuildConfiguration;
			buildSettings = {
				PRODUCT_NAME = "$(TARGET_NAME)";
			};
			name = Release;
		};
		D466142D1DF86D4D00E3FAB0 /* Debug */ = {
			isa = XCBuildConfiguration;
			buildSettings = {
				PRODUCT_NAME = "$(TARGET_NAME)";
			};
			name = Debug;
		};
		D466142E1DF86D4D00E3FAB0 /* Release */ = {
			isa = XCBuildConfiguration;
			buildSettings = {
				PRODUCT_NAME = "$(TARGET_NAME)";
			};
			name = Release;
		};
		D46614421DF9A6C500E3FAB0 /* Debug */ = {
			isa = XCBuildConfiguration;
			buildSettings = {
				PRODUCT_NAME = "$(TARGET_NAME)";
			};
			name = Debug;
		};
		D46614431DF9A6C500E3FAB0 /* Release */ = {
			isa = XCBuildConfiguration;
			buildSettings = {
				PRODUCT_NAME = "$(TARGET_NAME)";
			};
			name = Release;
		};
		D466144E1DF9B70F00E3FAB0 /* Debug */ = {
			isa = XCBuildConfiguration;
			buildSettings = {
				PRODUCT_NAME = "$(TARGET_NAME)";
			};
			name = Debug;
		};
		D466144F1DF9B70F00E3FAB0 /* Release */ = {
			isa = XCBuildConfiguration;
			buildSettings = {
				PRODUCT_NAME = "$(TARGET_NAME)";
			};
			name = Release;
		};
		D46614811DFB2A5F00E3FAB0 /* Debug */ = {
			isa = XCBuildConfiguration;
			buildSettings = {
				"HEADER_SEARCH_PATHS[arch=*]" = "$(PROJECT_DIR)/deps/include";
				LIBRARY_SEARCH_PATHS = (
					"$(inherited)",
					"$(PROJECT_DIR)/deps/lib",
				);
				"LIBRARY_SEARCH_PATHS[arch=*]" = "$(PROJECT_DIR)/deps/lib";
				PRODUCT_NAME = "$(TARGET_NAME)";
			};
			name = Debug;
		};
		D46614821DFB2A5F00E3FAB0 /* Release */ = {
			isa = XCBuildConfiguration;
			buildSettings = {
				LIBRARY_SEARCH_PATHS = (
					"$(inherited)",
					"$(PROJECT_DIR)/deps/lib",
				);
				PRODUCT_NAME = "$(TARGET_NAME)";
			};
			name = Release;
		};
		D46614D11DFCF46400E3FAB0 /* Debug */ = {
			isa = XCBuildConfiguration;
			buildSettings = {
				"HEADER_SEARCH_PATHS[arch=*]" = "$(PROJECT_DIR)/deps/include";
				LIBRARY_SEARCH_PATHS = (
					"$(inherited)",
					"$(PROJECT_DIR)/deps/lib",
				);
				"LIBRARY_SEARCH_PATHS[arch=*]" = "$(PROJECT_DIR)/deps/lib";
				PRODUCT_NAME = "$(TARGET_NAME)";
				"USER_HEADER_SEARCH_PATHS[arch=*]" = "$(SRCROOT)";
			};
			name = Debug;
		};
		D46614D21DFCF46400E3FAB0 /* Release */ = {
			isa = XCBuildConfiguration;
			buildSettings = {
				LIBRARY_SEARCH_PATHS = (
					"$(inherited)",
					"$(PROJECT_DIR)/deps/lib",
				);
				PRODUCT_NAME = "$(TARGET_NAME)";
			};
			name = Release;
		};
		D46F22921D1218D2007F8F72 /* Debug */ = {
			isa = XCBuildConfiguration;
			buildSettings = {
				"HEADER_SEARCH_PATHS[arch=*]" = (
					"$(inherited)",
					"$(PROJECT_DIR)/deps/include",
				);
				LIBRARY_SEARCH_PATHS = (
					"$(inherited)",
					"$(PROJECT_DIR)/deps/lib",
				);
				"LIBRARY_SEARCH_PATHS[arch=*]" = (
					"$(inherited)",
					"$(PROJECT_DIR)/deps/lib",
				);
				PRODUCT_NAME = "$(TARGET_NAME)";
			};
			name = Debug;
		};
		D46F22931D1218D2007F8F72 /* Release */ = {
			isa = XCBuildConfiguration;
			buildSettings = {
				LIBRARY_SEARCH_PATHS = (
					"$(inherited)",
					"$(PROJECT_DIR)/deps/lib",
				);
				PRODUCT_NAME = "$(TARGET_NAME)";
			};
			name = Release;
		};
		D479230B1DFF0A7C0077B91A /* Debug */ = {
			isa = XCBuildConfiguration;
			buildSettings = {
				PRODUCT_NAME = "$(TARGET_NAME)";
			};
			name = Debug;
		};
		D479230C1DFF0A7C0077B91A /* Release */ = {
			isa = XCBuildConfiguration;
			buildSettings = {
				PRODUCT_NAME = "$(TARGET_NAME)";
			};
			name = Release;
		};
		D4AF58E11DE6F6AD001AC0A1 /* Debug */ = {
			isa = XCBuildConfiguration;
			buildSettings = {
				"HEADER_SEARCH_PATHS[arch=*]" = "$(PROJECT_DIR)/deps/include";
				LIBRARY_SEARCH_PATHS = (
					"$(inherited)",
					"$(PROJECT_DIR)/deps/lib",
				);
				"LIBRARY_SEARCH_PATHS[arch=*]" = "$(PROJECT_DIR)/deps/lib";
				PRODUCT_NAME = "$(TARGET_NAME)";
			};
			name = Debug;
		};
		D4AF58E21DE6F6AD001AC0A1 /* Release */ = {
			isa = XCBuildConfiguration;
			buildSettings = {
				LIBRARY_SEARCH_PATHS = (
					"$(inherited)",
					"$(PROJECT_DIR)/deps/lib",
				);
				PRODUCT_NAME = "$(TARGET_NAME)";
			};
			name = Release;
		};
		D4EA1EFA1D1217E600D1EABC /* Debug */ = {
			isa = XCBuildConfiguration;
			buildSettings = {
				ALWAYS_SEARCH_USER_PATHS = NO;
				CLANG_ANALYZER_NONNULL = YES;
				CLANG_CXX_LANGUAGE_STANDARD = "gnu++0x";
				CLANG_CXX_LIBRARY = "libc++";
				CLANG_ENABLE_MODULES = YES;
				CLANG_ENABLE_OBJC_ARC = YES;
				CLANG_WARN_BOOL_CONVERSION = YES;
				CLANG_WARN_CONSTANT_CONVERSION = YES;
				CLANG_WARN_DIRECT_OBJC_ISA_USAGE = YES_ERROR;
				CLANG_WARN_EMPTY_BODY = YES;
				CLANG_WARN_ENUM_CONVERSION = YES;
				CLANG_WARN_INT_CONVERSION = YES;
				CLANG_WARN_OBJC_ROOT_CLASS = YES_ERROR;
				CLANG_WARN_UNREACHABLE_CODE = YES;
				CLANG_WARN__DUPLICATE_METHOD_MATCH = YES;
				CODE_SIGN_IDENTITY = "-";
				COPY_PHASE_STRIP = NO;
				DEBUG_INFORMATION_FORMAT = dwarf;
				ENABLE_STRICT_OBJC_MSGSEND = YES;
				ENABLE_TESTABILITY = YES;
				GCC_C_LANGUAGE_STANDARD = gnu99;
				GCC_DYNAMIC_NO_PIC = NO;
				GCC_NO_COMMON_BLOCKS = YES;
				GCC_OPTIMIZATION_LEVEL = 0;
				GCC_PREPROCESSOR_DEFINITIONS = (
					"DEBUG=1",
					"$(inherited)",
				);
				GCC_WARN_64_TO_32_BIT_CONVERSION = YES;
				GCC_WARN_ABOUT_RETURN_TYPE = YES_ERROR;
				GCC_WARN_UNDECLARED_SELECTOR = YES;
				GCC_WARN_UNINITIALIZED_AUTOS = YES_AGGRESSIVE;
				GCC_WARN_UNUSED_FUNCTION = YES;
				GCC_WARN_UNUSED_VARIABLE = YES;
				MACOSX_DEPLOYMENT_TARGET = 10.11;
				MTL_ENABLE_DEBUG_INFO = YES;
				ONLY_ACTIVE_ARCH = YES;
				SDKROOT = macosx;
			};
			name = Debug;
		};
		D4EA1EFB1D1217E600D1EABC /* Release */ = {
			isa = XCBuildConfiguration;
			buildSettings = {
				ALWAYS_SEARCH_USER_PATHS = NO;
				CLANG_ANALYZER_NONNULL = YES;
				CLANG_CXX_LANGUAGE_STANDARD = "gnu++0x";
				CLANG_CXX_LIBRARY = "libc++";
				CLANG_ENABLE_MODULES = YES;
				CLANG_ENABLE_OBJC_ARC = YES;
				CLANG_WARN_BOOL_CONVERSION = YES;
				CLANG_WARN_CONSTANT_CONVERSION = YES;
				CLANG_WARN_DIRECT_OBJC_ISA_USAGE = YES_ERROR;
				CLANG_WARN_EMPTY_BODY = YES;
				CLANG_WARN_ENUM_CONVERSION = YES;
				CLANG_WARN_INT_CONVERSION = YES;
				CLANG_WARN_OBJC_ROOT_CLASS = YES_ERROR;
				CLANG_WARN_UNREACHABLE_CODE = YES;
				CLANG_WARN__DUPLICATE_METHOD_MATCH = YES;
				CODE_SIGN_IDENTITY = "-";
				COPY_PHASE_STRIP = NO;
				DEBUG_INFORMATION_FORMAT = "dwarf-with-dsym";
				ENABLE_NS_ASSERTIONS = NO;
				ENABLE_STRICT_OBJC_MSGSEND = YES;
				GCC_C_LANGUAGE_STANDARD = gnu99;
				GCC_NO_COMMON_BLOCKS = YES;
				GCC_WARN_64_TO_32_BIT_CONVERSION = YES;
				GCC_WARN_ABOUT_RETURN_TYPE = YES_ERROR;
				GCC_WARN_UNDECLARED_SELECTOR = YES;
				GCC_WARN_UNINITIALIZED_AUTOS = YES_AGGRESSIVE;
				GCC_WARN_UNUSED_FUNCTION = YES;
				GCC_WARN_UNUSED_VARIABLE = YES;
				MACOSX_DEPLOYMENT_TARGET = 10.11;
				MTL_ENABLE_DEBUG_INFO = NO;
				SDKROOT = macosx;
			};
			name = Release;
		};
/* End XCBuildConfiguration section */

/* Begin XCConfigurationList section */
		D42DB9881E00DD3200B2AF60 /* Build configuration list for PBXNativeTarget "server_alone" */ = {
			isa = XCConfigurationList;
			buildConfigurations = (
				D42DB9891E00DD3200B2AF60 /* Debug */,
				D42DB98A1E00DD3200B2AF60 /* Release */,
			);
			defaultConfigurationIsVisible = 0;
			defaultConfigurationName = Release;
		};
		D42DB9A91E00DEA100B2AF60 /* Build configuration list for PBXNativeTarget "client_alone" */ = {
			isa = XCConfigurationList;
			buildConfigurations = (
				D42DB9AA1E00DEA100B2AF60 /* Debug */,
				D42DB9AB1E00DEA100B2AF60 /* Release */,
			);
			defaultConfigurationIsVisible = 0;
			defaultConfigurationName = Release;
		};
		D42DB9CB1E00F93000B2AF60 /* Build configuration list for PBXNativeTarget "test_server_client" */ = {
			isa = XCConfigurationList;
			buildConfigurations = (
				D42DB9CC1E00F93000B2AF60 /* Debug */,
				D42DB9CD1E00F93000B2AF60 /* Release */,
			);
			defaultConfigurationIsVisible = 0;
			defaultConfigurationName = Release;
		};
		D458EA341DF6413600E820A9 /* Build configuration list for PBXNativeTarget "error_test" */ = {
			isa = XCConfigurationList;
			buildConfigurations = (
				D458EA351DF6413600E820A9 /* Debug */,
				D458EA361DF6413600E820A9 /* Release */,
			);
			defaultConfigurationIsVisible = 0;
			defaultConfigurationName = Release;
		};
		D46614231DF854DB00E3FAB0 /* Build configuration list for PBXNativeTarget "nullstream" */ = {
			isa = XCConfigurationList;
			buildConfigurations = (
				D46614211DF854DB00E3FAB0 /* Debug */,
				D46614221DF854DB00E3FAB0 /* Release */,
			);
			defaultConfigurationIsVisible = 0;
			defaultConfigurationName = Release;
		};
		D466142C1DF86D4D00E3FAB0 /* Build configuration list for PBXNativeTarget "logger" */ = {
			isa = XCConfigurationList;
			buildConfigurations = (
				D466142D1DF86D4D00E3FAB0 /* Debug */,
				D466142E1DF86D4D00E3FAB0 /* Release */,
			);
			defaultConfigurationIsVisible = 0;
			defaultConfigurationName = Release;
		};
		D46614411DF9A6C500E3FAB0 /* Build configuration list for PBXNativeTarget "streamtest" */ = {
			isa = XCConfigurationList;
			buildConfigurations = (
				D46614421DF9A6C500E3FAB0 /* Debug */,
				D46614431DF9A6C500E3FAB0 /* Release */,
			);
			defaultConfigurationIsVisible = 0;
			defaultConfigurationName = Release;
		};
		D466144D1DF9B70F00E3FAB0 /* Build configuration list for PBXNativeTarget "testcase" */ = {
			isa = XCConfigurationList;
			buildConfigurations = (
				D466144E1DF9B70F00E3FAB0 /* Debug */,
				D466144F1DF9B70F00E3FAB0 /* Release */,
			);
			defaultConfigurationIsVisible = 0;
			defaultConfigurationName = Release;
		};
		D46614801DFB2A5F00E3FAB0 /* Build configuration list for PBXNativeTarget "server_test" */ = {
			isa = XCConfigurationList;
			buildConfigurations = (
				D46614811DFB2A5F00E3FAB0 /* Debug */,
				D46614821DFB2A5F00E3FAB0 /* Release */,
			);
			defaultConfigurationIsVisible = 0;
			defaultConfigurationName = Release;
		};
		D46614D01DFCF46400E3FAB0 /* Build configuration list for PBXNativeTarget "client_test" */ = {
			isa = XCConfigurationList;
			buildConfigurations = (
				D46614D11DFCF46400E3FAB0 /* Debug */,
				D46614D21DFCF46400E3FAB0 /* Release */,
			);
			defaultConfigurationIsVisible = 0;
			defaultConfigurationName = Release;
		};
		D46F22911D1218D2007F8F72 /* Build configuration list for PBXNativeTarget "unit-test" */ = {
			isa = XCConfigurationList;
			buildConfigurations = (
				D46F22921D1218D2007F8F72 /* Debug */,
				D46F22931D1218D2007F8F72 /* Release */,
			);
			defaultConfigurationIsVisible = 0;
			defaultConfigurationName = Release;
		};
		D479230A1DFF0A7C0077B91A /* Build configuration list for PBXNativeTarget "smart_ptr" */ = {
			isa = XCConfigurationList;
			buildConfigurations = (
				D479230B1DFF0A7C0077B91A /* Debug */,
				D479230C1DFF0A7C0077B91A /* Release */,
			);
			defaultConfigurationIsVisible = 0;
			defaultConfigurationName = Release;
		};
		D4AF58E01DE6F6AD001AC0A1 /* Build configuration list for PBXNativeTarget "reader_test" */ = {
			isa = XCConfigurationList;
			buildConfigurations = (
				D4AF58E11DE6F6AD001AC0A1 /* Debug */,
				D4AF58E21DE6F6AD001AC0A1 /* Release */,
			);
			defaultConfigurationIsVisible = 0;
			defaultConfigurationName = Release;
		};
		D4EA1EF01D1217E600D1EABC /* Build configuration list for PBXProject "MarvinCpp" */ = {
			isa = XCConfigurationList;
			buildConfigurations = (
				D4EA1EFA1D1217E600D1EABC /* Debug */,
				D4EA1EFB1D1217E600D1EABC /* Release */,
			);
			defaultConfigurationIsVisible = 0;
			defaultConfigurationName = Release;
		};
/* End XCConfigurationList section */
	};
	rootObject = D4EA1EED1D1217E600D1EABC /* Project object */;
}
